
Microsoft Visual Studio Solution File, Format Version 11.00
# Visual Studio 2010
Project("{FAE04EC0-301F-11D3-BF4B-00C04F79EFBC}") = "Wonga.QA.Tests.Ops", "Wonga.QA.Tests.Ops\Wonga.QA.Tests.Ops.csproj", "{8F4A4098-0384-4ACE-9E66-7E84F56E51EA}"
EndProject
Project("{FAE04EC0-301F-11D3-BF4B-00C04F79EFBC}") = "Wonga.QA.Tests.Comms", "Wonga.QA.Tests.Comms\Wonga.QA.Tests.Comms.csproj", "{2FDDD73E-FD7D-41C2-9D8E-EEF260CCE0C6}"
EndProject
Project("{FAE04EC0-301F-11D3-BF4B-00C04F79EFBC}") = "Wonga.QA.Tests.Payments", "Wonga.QA.Tests.Payments\Wonga.QA.Tests.Payments.csproj", "{FD73C73F-E2AE-4610-9A64-C024144F0A51}"
EndProject
Project("{FAE04EC0-301F-11D3-BF4B-00C04F79EFBC}") = "Wonga.QA.Tests.Risk", "Wonga.QA.Tests.Risk\Wonga.QA.Tests.Risk.csproj", "{6BD1AF92-A68A-4208-A478-CF5E473AAD3E}"
EndProject
Project("{FAE04EC0-301F-11D3-BF4B-00C04F79EFBC}") = "Wonga.QA.Tests.Bi", "Wonga.QA.Tests.Bi\Wonga.QA.Tests.Bi.csproj", "{5052380A-72D4-4F00-96B0-B5E762E148ED}"
EndProject
Project("{FAE04EC0-301F-11D3-BF4B-00C04F79EFBC}") = "Wonga.QA.Tests.BankGateway", "Wonga.QA.Tests.BankGateway\Wonga.QA.Tests.BankGateway.csproj", "{8B39146A-E679-4850-8612-41614D0F7E5B}"
EndProject
Project("{FAE04EC0-301F-11D3-BF4B-00C04F79EFBC}") = "Wonga.QA.Tests.Blacklist", "Wonga.QA.Tests.Blacklist\Wonga.QA.Tests.Blacklist.csproj", "{535241C7-F81C-454F-BEC4-B2B7D939B3B6}"
EndProject
Project("{FAE04EC0-301F-11D3-BF4B-00C04F79EFBC}") = "Wonga.QA.Tests.CallReport", "Wonga.QA.Tests.CallReport\Wonga.QA.Tests.CallReport.csproj", "{DDBD14C9-0145-4299-A53E-46769A8D69B2}"
EndProject
Project("{FAE04EC0-301F-11D3-BF4B-00C04F79EFBC}") = "Wonga.QA.Tests.CallValidate", "Wonga.QA.Tests.CallValidate\Wonga.QA.Tests.CallValidate.csproj", "{C752A56B-9CC7-4BA0-BFD1-4BCDA2527B78}"
EndProject
Project("{FAE04EC0-301F-11D3-BF4B-00C04F79EFBC}") = "Wonga.QA.Tests.CardPayment", "Wonga.QA.Tests.CardPayment\Wonga.QA.Tests.CardPayment.csproj", "{DCA57065-CAA5-49E9-8EA0-A825F9776C41}"
EndProject
Project("{FAE04EC0-301F-11D3-BF4B-00C04F79EFBC}") = "Wonga.QA.Tests.ColdStorage", "Wonga.QA.Tests.ColdStorage\Wonga.QA.Tests.ColdStorage.csproj", "{43C5DEC2-FEB1-4B3B-8DE8-1BF170638666}"
EndProject
Project("{FAE04EC0-301F-11D3-BF4B-00C04F79EFBC}") = "Wonga.QA.Tests.ContactManagement", "Wonga.QA.Tests.ContactManagement\Wonga.QA.Tests.ContactManagement.csproj", "{159C73EE-DB5A-4DD7-90DD-E4DA724072F8}"
EndProject
Project("{FAE04EC0-301F-11D3-BF4B-00C04F79EFBC}") = "Wonga.QA.Tests.DocumentGeneration", "Wonga.QA.Tests.DocumentGeneration\Wonga.QA.Tests.DocumentGeneration.csproj", "{12F263A6-D1D3-4F3E-BA40-DF7A2F496F5D}"
EndProject
Project("{FAE04EC0-301F-11D3-BF4B-00C04F79EFBC}") = "Wonga.QA.Tests.Email", "Wonga.QA.Tests.Email\Wonga.QA.Tests.Email.csproj", "{D50F5226-2795-4D35-8CE0-7021AAB8DD49}"
EndProject
Project("{FAE04EC0-301F-11D3-BF4B-00C04F79EFBC}") = "Wonga.QA.Tests.Equifax", "Wonga.QA.Tests.Equifax\Wonga.QA.Tests.Equifax.csproj", "{62D0BA2E-A305-4A59-B545-BA016F1D94CF}"
EndProject
Project("{FAE04EC0-301F-11D3-BF4B-00C04F79EFBC}") = "Wonga.QA.Tests.Experian", "Wonga.QA.Tests.Experian\Wonga.QA.Tests.Experian.csproj", "{25BBC985-7345-4216-AC40-DAD894D6DC14}"
EndProject
Project("{FAE04EC0-301F-11D3-BF4B-00C04F79EFBC}") = "Wonga.QA.Tests.ExperianBulk", "Wonga.QA.Tests.ExperianBulk\Wonga.QA.Tests.ExperianBulk.csproj", "{F4EF81FA-5C0D-4B77-9DA7-DD5146BAA680}"
EndProject
Project("{FAE04EC0-301F-11D3-BF4B-00C04F79EFBC}") = "Wonga.QA.Tests.FileStorage", "Wonga.QA.Tests.FileStorage\Wonga.QA.Tests.FileStorage.csproj", "{CB0C850A-5765-4DE5-A2E0-6D3A7607FE47}"
EndProject
Project("{FAE04EC0-301F-11D3-BF4B-00C04F79EFBC}") = "Wonga.QA.Tests.Graydon", "Wonga.QA.Tests.Graydon\Wonga.QA.Tests.Graydon.csproj", "{6E1BB693-F40F-45A9-B807-C9078C983E13}"
EndProject
Project("{FAE04EC0-301F-11D3-BF4B-00C04F79EFBC}") = "Wonga.QA.Tests.Hpi", "Wonga.QA.Tests.Hpi\Wonga.QA.Tests.Hpi.csproj", "{EE600718-E227-41B4-B837-D55791801B4A}"
EndProject
Project("{FAE04EC0-301F-11D3-BF4B-00C04F79EFBC}") = "Wonga.QA.Tests.Iovation", "Wonga.QA.Tests.Iovation\Wonga.QA.Tests.Iovation.csproj", "{FA12AEDF-86FC-424B-AAC9-254582159EEE}"
EndProject
Project("{FAE04EC0-301F-11D3-BF4B-00C04F79EFBC}") = "Wonga.QA.Tests.Salesforce", "Wonga.QA.Tests.Salesforce\Wonga.QA.Tests.Salesforce.csproj", "{E149DC99-4254-4659-AD72-574B2A5DD67D}"
EndProject
Project("{FAE04EC0-301F-11D3-BF4B-00C04F79EFBC}") = "Wonga.QA.Tests.Sms", "Wonga.QA.Tests.Sms\Wonga.QA.Tests.Sms.csproj", "{E095E952-F784-40BB-BC65-72FBAFB087D7}"
EndProject
Project("{FAE04EC0-301F-11D3-BF4B-00C04F79EFBC}") = "Wonga.QA.Tests.TransUnion", "Wonga.QA.Tests.TransUnion\Wonga.QA.Tests.TransUnion.csproj", "{8EFAEFA0-A937-419D-8E5B-346DCAFF6343}"
EndProject
Project("{FAE04EC0-301F-11D3-BF4B-00C04F79EFBC}") = "Wonga.QA.Tests.Uru", "Wonga.QA.Tests.Uru\Wonga.QA.Tests.Uru.csproj", "{A31A112B-CBF8-47B7-9A77-790277FCA458}"
EndProject
Project("{FAE04EC0-301F-11D3-BF4B-00C04F79EFBC}") = "Wonga.QA.Tests.WongaPay", "Wonga.QA.Tests.WongaPay\Wonga.QA.Tests.WongaPay.csproj", "{8C339566-8E4C-41B1-92B9-0E7BC70B551F}"
EndProject
Project("{FAE04EC0-301F-11D3-BF4B-00C04F79EFBC}") = "Wonga.QA.Tests.TimeZone", "Wonga.QA.Tests.TimeZone\Wonga.QA.Tests.TimeZone.csproj", "{DC1157DE-0AE4-4416-B913-5E4E8EB2411A}"
EndProject
Project("{2150E333-8FDC-42A3-9474-1A3956D46DE8}") = "Components", "Components", "{24485D13-BED8-4744-A36A-DF143D84FD81}"
EndProject
Project("{2150E333-8FDC-42A3-9474-1A3956D46DE8}") = "Services", "Services", "{E4CDAD00-1D5A-4BA8-B7D6-338A0294DDBE}"
EndProject
Project("{FAE04EC0-301F-11D3-BF4B-00C04F79EFBC}") = "Wonga.QA.Tests.Marketing", "Wonga.QA.Tests.Marketing\Wonga.QA.Tests.Marketing.csproj", "{EF2B7FEB-6CA8-4350-AA5C-50B5A5EC19B7}"
EndProject
Project("{FAE04EC0-301F-11D3-BF4B-00C04F79EFBC}") = "Wonga.QA.Tests.Ui", "Wonga.QA.Tests.Ui\Wonga.QA.Tests.Ui.csproj", "{B29A97EF-5107-476B-A27A-688028CAAF54}"
EndProject
Project("{FAE04EC0-301F-11D3-BF4B-00C04F79EFBC}") = "Wonga.QA.Tests.Core", "Wonga.QA.Tests.Core\Wonga.QA.Tests.Core.csproj", "{36C48933-F3DA-468A-8529-212601FC0FA5}"
EndProject
Project("{FAE04EC0-301F-11D3-BF4B-00C04F79EFBC}") = "Wonga.QA.Tests.Cs", "Wonga.QA.Tests.Cs\Wonga.QA.Tests.Cs.csproj", "{E2376A04-2BC8-43E6-B4B1-6AE4E6C7F384}"
EndProject
Project("{FAE04EC0-301F-11D3-BF4B-00C04F79EFBC}") = "Wonga.QA.Tests.Api", "Wonga.QA.Tests.Api\Wonga.QA.Tests.Api.csproj", "{3AD36F9E-4E49-40F0-99FC-39DD638C62E1}"
EndProject
Project("{FAE04EC0-301F-11D3-BF4B-00C04F79EFBC}") = "Wonga.QA.Tests.Meta", "Wonga.QA.Tests.Meta\Wonga.QA.Tests.Meta.csproj", "{185518CE-AEEE-416A-AA17-C8F04F3E4BCD}"
EndProject
Project("{FAE04EC0-301F-11D3-BF4B-00C04F79EFBC}") = "Wonga.QA.Tests.Ui.Admin", "Wonga.QA.Tests.Ui.Admin\Wonga.QA.Tests.Ui.Admin.csproj", "{B9FDE3ED-0FEE-400A-87EB-3A3C7AC8F01D}"
EndProject
Project("{FAE04EC0-301F-11D3-BF4B-00C04F79EFBC}") = "Wonga.QA.Tests.Ivr", "Wonga.QA.Tests.Ivr\Wonga.QA.Tests.Ivr.csproj", "{AFF890BC-240F-4D73-B9B2-2D65801F149A}"
EndProject
Project("{FAE04EC0-301F-11D3-BF4B-00C04F79EFBC}") = "Wonga.QA.Tests.Accounting", "Wonga.QA.Tests.Accounting\Wonga.QA.Tests.Accounting.csproj", "{EF97F11A-FD8E-459D-A0FA-1A8FB6652FE1}"
EndProject
Project("{FAE04EC0-301F-11D3-BF4B-00C04F79EFBC}") = "Wonga.QA.Tests.Ui.Mobile", "Wonga.QA.Tests.Ui.Mobile\Wonga.QA.Tests.Ui.Mobile.csproj", "{13CA11B4-FAEE-4901-8067-B00A6F85AE33}"
EndProject
Project("{FAE04EC0-301F-11D3-BF4B-00C04F79EFBC}") = "Wonga.QA.Tests.Prepaid", "Wonga.QA.Tests.Prepaid\Wonga.QA.Tests.Prepaid.csproj", "{8F318EC1-E001-4CF2-A89A-A2B0C94E1D98}"
EndProject
Global
	GlobalSection(SolutionConfigurationPlatforms) = preSolution
		Debug|Any CPU = Debug|Any CPU
		Debug|Mixed Platforms = Debug|Mixed Platforms
		Debug|x86 = Debug|x86
		Release|Any CPU = Release|Any CPU
		Release|Mixed Platforms = Release|Mixed Platforms
		Release|x86 = Release|x86
	EndGlobalSection
	GlobalSection(ProjectConfigurationPlatforms) = postSolution
		{8F4A4098-0384-4ACE-9E66-7E84F56E51EA}.Debug|Any CPU.ActiveCfg = Debug|Any CPU
		{8F4A4098-0384-4ACE-9E66-7E84F56E51EA}.Debug|Any CPU.Build.0 = Debug|Any CPU
		{8F4A4098-0384-4ACE-9E66-7E84F56E51EA}.Debug|Mixed Platforms.ActiveCfg = Debug|Any CPU
		{8F4A4098-0384-4ACE-9E66-7E84F56E51EA}.Debug|Mixed Platforms.Build.0 = Debug|Any CPU
		{8F4A4098-0384-4ACE-9E66-7E84F56E51EA}.Debug|x86.ActiveCfg = Debug|Any CPU
		{8F4A4098-0384-4ACE-9E66-7E84F56E51EA}.Release|Any CPU.ActiveCfg = Release|Any CPU
		{8F4A4098-0384-4ACE-9E66-7E84F56E51EA}.Release|Any CPU.Build.0 = Release|Any CPU
		{8F4A4098-0384-4ACE-9E66-7E84F56E51EA}.Release|Mixed Platforms.ActiveCfg = Release|Any CPU
		{8F4A4098-0384-4ACE-9E66-7E84F56E51EA}.Release|Mixed Platforms.Build.0 = Release|Any CPU
		{8F4A4098-0384-4ACE-9E66-7E84F56E51EA}.Release|x86.ActiveCfg = Release|Any CPU
		{2FDDD73E-FD7D-41C2-9D8E-EEF260CCE0C6}.Debug|Any CPU.ActiveCfg = Debug|Any CPU
		{2FDDD73E-FD7D-41C2-9D8E-EEF260CCE0C6}.Debug|Any CPU.Build.0 = Debug|Any CPU
		{2FDDD73E-FD7D-41C2-9D8E-EEF260CCE0C6}.Debug|Mixed Platforms.ActiveCfg = Debug|Any CPU
		{2FDDD73E-FD7D-41C2-9D8E-EEF260CCE0C6}.Debug|Mixed Platforms.Build.0 = Debug|Any CPU
		{2FDDD73E-FD7D-41C2-9D8E-EEF260CCE0C6}.Debug|x86.ActiveCfg = Debug|Any CPU
		{2FDDD73E-FD7D-41C2-9D8E-EEF260CCE0C6}.Release|Any CPU.ActiveCfg = Release|Any CPU
		{2FDDD73E-FD7D-41C2-9D8E-EEF260CCE0C6}.Release|Any CPU.Build.0 = Release|Any CPU
		{2FDDD73E-FD7D-41C2-9D8E-EEF260CCE0C6}.Release|Mixed Platforms.ActiveCfg = Release|Any CPU
		{2FDDD73E-FD7D-41C2-9D8E-EEF260CCE0C6}.Release|Mixed Platforms.Build.0 = Release|Any CPU
		{2FDDD73E-FD7D-41C2-9D8E-EEF260CCE0C6}.Release|x86.ActiveCfg = Release|Any CPU
		{FD73C73F-E2AE-4610-9A64-C024144F0A51}.Debug|Any CPU.ActiveCfg = Debug|Any CPU
		{FD73C73F-E2AE-4610-9A64-C024144F0A51}.Debug|Any CPU.Build.0 = Debug|Any CPU
		{FD73C73F-E2AE-4610-9A64-C024144F0A51}.Debug|Mixed Platforms.ActiveCfg = Debug|Any CPU
		{FD73C73F-E2AE-4610-9A64-C024144F0A51}.Debug|Mixed Platforms.Build.0 = Debug|Any CPU
		{FD73C73F-E2AE-4610-9A64-C024144F0A51}.Debug|x86.ActiveCfg = Debug|Any CPU
		{FD73C73F-E2AE-4610-9A64-C024144F0A51}.Release|Any CPU.ActiveCfg = Release|Any CPU
		{FD73C73F-E2AE-4610-9A64-C024144F0A51}.Release|Any CPU.Build.0 = Release|Any CPU
		{FD73C73F-E2AE-4610-9A64-C024144F0A51}.Release|Mixed Platforms.ActiveCfg = Release|Any CPU
		{FD73C73F-E2AE-4610-9A64-C024144F0A51}.Release|Mixed Platforms.Build.0 = Release|Any CPU
		{FD73C73F-E2AE-4610-9A64-C024144F0A51}.Release|x86.ActiveCfg = Release|Any CPU
		{6BD1AF92-A68A-4208-A478-CF5E473AAD3E}.Debug|Any CPU.ActiveCfg = Debug|Any CPU
		{6BD1AF92-A68A-4208-A478-CF5E473AAD3E}.Debug|Any CPU.Build.0 = Debug|Any CPU
		{6BD1AF92-A68A-4208-A478-CF5E473AAD3E}.Debug|Mixed Platforms.ActiveCfg = Debug|Any CPU
		{6BD1AF92-A68A-4208-A478-CF5E473AAD3E}.Debug|Mixed Platforms.Build.0 = Debug|Any CPU
		{6BD1AF92-A68A-4208-A478-CF5E473AAD3E}.Debug|x86.ActiveCfg = Debug|Any CPU
		{6BD1AF92-A68A-4208-A478-CF5E473AAD3E}.Release|Any CPU.ActiveCfg = Release|Any CPU
		{6BD1AF92-A68A-4208-A478-CF5E473AAD3E}.Release|Any CPU.Build.0 = Release|Any CPU
		{6BD1AF92-A68A-4208-A478-CF5E473AAD3E}.Release|Mixed Platforms.ActiveCfg = Release|Any CPU
		{6BD1AF92-A68A-4208-A478-CF5E473AAD3E}.Release|Mixed Platforms.Build.0 = Release|Any CPU
		{6BD1AF92-A68A-4208-A478-CF5E473AAD3E}.Release|x86.ActiveCfg = Release|Any CPU
		{5052380A-72D4-4F00-96B0-B5E762E148ED}.Debug|Any CPU.ActiveCfg = Debug|Any CPU
		{5052380A-72D4-4F00-96B0-B5E762E148ED}.Debug|Any CPU.Build.0 = Debug|Any CPU
		{5052380A-72D4-4F00-96B0-B5E762E148ED}.Debug|Mixed Platforms.ActiveCfg = Debug|Any CPU
		{5052380A-72D4-4F00-96B0-B5E762E148ED}.Debug|Mixed Platforms.Build.0 = Debug|Any CPU
		{5052380A-72D4-4F00-96B0-B5E762E148ED}.Debug|x86.ActiveCfg = Debug|Any CPU
		{5052380A-72D4-4F00-96B0-B5E762E148ED}.Release|Any CPU.ActiveCfg = Release|Any CPU
		{5052380A-72D4-4F00-96B0-B5E762E148ED}.Release|Any CPU.Build.0 = Release|Any CPU
		{5052380A-72D4-4F00-96B0-B5E762E148ED}.Release|Mixed Platforms.ActiveCfg = Release|Any CPU
		{5052380A-72D4-4F00-96B0-B5E762E148ED}.Release|Mixed Platforms.Build.0 = Release|Any CPU
		{5052380A-72D4-4F00-96B0-B5E762E148ED}.Release|x86.ActiveCfg = Release|Any CPU
		{8B39146A-E679-4850-8612-41614D0F7E5B}.Debug|Any CPU.ActiveCfg = Debug|Any CPU
		{8B39146A-E679-4850-8612-41614D0F7E5B}.Debug|Any CPU.Build.0 = Debug|Any CPU
		{8B39146A-E679-4850-8612-41614D0F7E5B}.Debug|Mixed Platforms.ActiveCfg = Debug|Any CPU
		{8B39146A-E679-4850-8612-41614D0F7E5B}.Debug|Mixed Platforms.Build.0 = Debug|Any CPU
		{8B39146A-E679-4850-8612-41614D0F7E5B}.Debug|x86.ActiveCfg = Debug|Any CPU
		{8B39146A-E679-4850-8612-41614D0F7E5B}.Release|Any CPU.ActiveCfg = Release|Any CPU
		{8B39146A-E679-4850-8612-41614D0F7E5B}.Release|Any CPU.Build.0 = Release|Any CPU
		{8B39146A-E679-4850-8612-41614D0F7E5B}.Release|Mixed Platforms.ActiveCfg = Release|Any CPU
		{8B39146A-E679-4850-8612-41614D0F7E5B}.Release|Mixed Platforms.Build.0 = Release|Any CPU
		{8B39146A-E679-4850-8612-41614D0F7E5B}.Release|x86.ActiveCfg = Release|Any CPU
		{535241C7-F81C-454F-BEC4-B2B7D939B3B6}.Debug|Any CPU.ActiveCfg = Debug|Any CPU
		{535241C7-F81C-454F-BEC4-B2B7D939B3B6}.Debug|Any CPU.Build.0 = Debug|Any CPU
		{535241C7-F81C-454F-BEC4-B2B7D939B3B6}.Debug|Mixed Platforms.ActiveCfg = Debug|Any CPU
		{535241C7-F81C-454F-BEC4-B2B7D939B3B6}.Debug|Mixed Platforms.Build.0 = Debug|Any CPU
		{535241C7-F81C-454F-BEC4-B2B7D939B3B6}.Debug|x86.ActiveCfg = Debug|Any CPU
		{535241C7-F81C-454F-BEC4-B2B7D939B3B6}.Release|Any CPU.ActiveCfg = Release|Any CPU
		{535241C7-F81C-454F-BEC4-B2B7D939B3B6}.Release|Any CPU.Build.0 = Release|Any CPU
		{535241C7-F81C-454F-BEC4-B2B7D939B3B6}.Release|Mixed Platforms.ActiveCfg = Release|Any CPU
		{535241C7-F81C-454F-BEC4-B2B7D939B3B6}.Release|Mixed Platforms.Build.0 = Release|Any CPU
		{535241C7-F81C-454F-BEC4-B2B7D939B3B6}.Release|x86.ActiveCfg = Release|Any CPU
		{DDBD14C9-0145-4299-A53E-46769A8D69B2}.Debug|Any CPU.ActiveCfg = Debug|Any CPU
		{DDBD14C9-0145-4299-A53E-46769A8D69B2}.Debug|Any CPU.Build.0 = Debug|Any CPU
		{DDBD14C9-0145-4299-A53E-46769A8D69B2}.Debug|Mixed Platforms.ActiveCfg = Debug|Any CPU
		{DDBD14C9-0145-4299-A53E-46769A8D69B2}.Debug|Mixed Platforms.Build.0 = Debug|Any CPU
		{DDBD14C9-0145-4299-A53E-46769A8D69B2}.Debug|x86.ActiveCfg = Debug|Any CPU
		{DDBD14C9-0145-4299-A53E-46769A8D69B2}.Release|Any CPU.ActiveCfg = Release|Any CPU
		{DDBD14C9-0145-4299-A53E-46769A8D69B2}.Release|Any CPU.Build.0 = Release|Any CPU
		{DDBD14C9-0145-4299-A53E-46769A8D69B2}.Release|Mixed Platforms.ActiveCfg = Release|Any CPU
		{DDBD14C9-0145-4299-A53E-46769A8D69B2}.Release|Mixed Platforms.Build.0 = Release|Any CPU
		{DDBD14C9-0145-4299-A53E-46769A8D69B2}.Release|x86.ActiveCfg = Release|Any CPU
		{C752A56B-9CC7-4BA0-BFD1-4BCDA2527B78}.Debug|Any CPU.ActiveCfg = Debug|Any CPU
		{C752A56B-9CC7-4BA0-BFD1-4BCDA2527B78}.Debug|Any CPU.Build.0 = Debug|Any CPU
		{C752A56B-9CC7-4BA0-BFD1-4BCDA2527B78}.Debug|Mixed Platforms.ActiveCfg = Debug|Any CPU
		{C752A56B-9CC7-4BA0-BFD1-4BCDA2527B78}.Debug|Mixed Platforms.Build.0 = Debug|Any CPU
		{C752A56B-9CC7-4BA0-BFD1-4BCDA2527B78}.Debug|x86.ActiveCfg = Debug|Any CPU
		{C752A56B-9CC7-4BA0-BFD1-4BCDA2527B78}.Release|Any CPU.ActiveCfg = Release|Any CPU
		{C752A56B-9CC7-4BA0-BFD1-4BCDA2527B78}.Release|Any CPU.Build.0 = Release|Any CPU
		{C752A56B-9CC7-4BA0-BFD1-4BCDA2527B78}.Release|Mixed Platforms.ActiveCfg = Release|Any CPU
		{C752A56B-9CC7-4BA0-BFD1-4BCDA2527B78}.Release|Mixed Platforms.Build.0 = Release|Any CPU
		{C752A56B-9CC7-4BA0-BFD1-4BCDA2527B78}.Release|x86.ActiveCfg = Release|Any CPU
		{DCA57065-CAA5-49E9-8EA0-A825F9776C41}.Debug|Any CPU.ActiveCfg = Debug|Any CPU
		{DCA57065-CAA5-49E9-8EA0-A825F9776C41}.Debug|Any CPU.Build.0 = Debug|Any CPU
		{DCA57065-CAA5-49E9-8EA0-A825F9776C41}.Debug|Mixed Platforms.ActiveCfg = Debug|Any CPU
		{DCA57065-CAA5-49E9-8EA0-A825F9776C41}.Debug|Mixed Platforms.Build.0 = Debug|Any CPU
		{DCA57065-CAA5-49E9-8EA0-A825F9776C41}.Debug|x86.ActiveCfg = Debug|Any CPU
		{DCA57065-CAA5-49E9-8EA0-A825F9776C41}.Release|Any CPU.ActiveCfg = Release|Any CPU
		{DCA57065-CAA5-49E9-8EA0-A825F9776C41}.Release|Any CPU.Build.0 = Release|Any CPU
		{DCA57065-CAA5-49E9-8EA0-A825F9776C41}.Release|Mixed Platforms.ActiveCfg = Release|Any CPU
		{DCA57065-CAA5-49E9-8EA0-A825F9776C41}.Release|Mixed Platforms.Build.0 = Release|Any CPU
		{DCA57065-CAA5-49E9-8EA0-A825F9776C41}.Release|x86.ActiveCfg = Release|Any CPU
		{43C5DEC2-FEB1-4B3B-8DE8-1BF170638666}.Debug|Any CPU.ActiveCfg = Debug|Any CPU
		{43C5DEC2-FEB1-4B3B-8DE8-1BF170638666}.Debug|Any CPU.Build.0 = Debug|Any CPU
		{43C5DEC2-FEB1-4B3B-8DE8-1BF170638666}.Debug|Mixed Platforms.ActiveCfg = Debug|Any CPU
		{43C5DEC2-FEB1-4B3B-8DE8-1BF170638666}.Debug|Mixed Platforms.Build.0 = Debug|Any CPU
		{43C5DEC2-FEB1-4B3B-8DE8-1BF170638666}.Debug|x86.ActiveCfg = Debug|Any CPU
		{43C5DEC2-FEB1-4B3B-8DE8-1BF170638666}.Release|Any CPU.ActiveCfg = Release|Any CPU
		{43C5DEC2-FEB1-4B3B-8DE8-1BF170638666}.Release|Any CPU.Build.0 = Release|Any CPU
		{43C5DEC2-FEB1-4B3B-8DE8-1BF170638666}.Release|Mixed Platforms.ActiveCfg = Release|Any CPU
		{43C5DEC2-FEB1-4B3B-8DE8-1BF170638666}.Release|Mixed Platforms.Build.0 = Release|Any CPU
		{43C5DEC2-FEB1-4B3B-8DE8-1BF170638666}.Release|x86.ActiveCfg = Release|Any CPU
		{159C73EE-DB5A-4DD7-90DD-E4DA724072F8}.Debug|Any CPU.ActiveCfg = Debug|Any CPU
		{159C73EE-DB5A-4DD7-90DD-E4DA724072F8}.Debug|Any CPU.Build.0 = Debug|Any CPU
		{159C73EE-DB5A-4DD7-90DD-E4DA724072F8}.Debug|Mixed Platforms.ActiveCfg = Debug|Any CPU
		{159C73EE-DB5A-4DD7-90DD-E4DA724072F8}.Debug|Mixed Platforms.Build.0 = Debug|Any CPU
		{159C73EE-DB5A-4DD7-90DD-E4DA724072F8}.Debug|x86.ActiveCfg = Debug|Any CPU
		{159C73EE-DB5A-4DD7-90DD-E4DA724072F8}.Release|Any CPU.ActiveCfg = Release|Any CPU
		{159C73EE-DB5A-4DD7-90DD-E4DA724072F8}.Release|Any CPU.Build.0 = Release|Any CPU
		{159C73EE-DB5A-4DD7-90DD-E4DA724072F8}.Release|Mixed Platforms.ActiveCfg = Release|Any CPU
		{159C73EE-DB5A-4DD7-90DD-E4DA724072F8}.Release|Mixed Platforms.Build.0 = Release|Any CPU
		{159C73EE-DB5A-4DD7-90DD-E4DA724072F8}.Release|x86.ActiveCfg = Release|Any CPU
		{12F263A6-D1D3-4F3E-BA40-DF7A2F496F5D}.Debug|Any CPU.ActiveCfg = Debug|Any CPU
		{12F263A6-D1D3-4F3E-BA40-DF7A2F496F5D}.Debug|Any CPU.Build.0 = Debug|Any CPU
		{12F263A6-D1D3-4F3E-BA40-DF7A2F496F5D}.Debug|Mixed Platforms.ActiveCfg = Debug|Any CPU
		{12F263A6-D1D3-4F3E-BA40-DF7A2F496F5D}.Debug|Mixed Platforms.Build.0 = Debug|Any CPU
		{12F263A6-D1D3-4F3E-BA40-DF7A2F496F5D}.Debug|x86.ActiveCfg = Debug|Any CPU
		{12F263A6-D1D3-4F3E-BA40-DF7A2F496F5D}.Release|Any CPU.ActiveCfg = Release|Any CPU
		{12F263A6-D1D3-4F3E-BA40-DF7A2F496F5D}.Release|Any CPU.Build.0 = Release|Any CPU
		{12F263A6-D1D3-4F3E-BA40-DF7A2F496F5D}.Release|Mixed Platforms.ActiveCfg = Release|Any CPU
		{12F263A6-D1D3-4F3E-BA40-DF7A2F496F5D}.Release|Mixed Platforms.Build.0 = Release|Any CPU
		{12F263A6-D1D3-4F3E-BA40-DF7A2F496F5D}.Release|x86.ActiveCfg = Release|Any CPU
		{D50F5226-2795-4D35-8CE0-7021AAB8DD49}.Debug|Any CPU.ActiveCfg = Debug|Any CPU
		{D50F5226-2795-4D35-8CE0-7021AAB8DD49}.Debug|Any CPU.Build.0 = Debug|Any CPU
		{D50F5226-2795-4D35-8CE0-7021AAB8DD49}.Debug|Mixed Platforms.ActiveCfg = Debug|Any CPU
		{D50F5226-2795-4D35-8CE0-7021AAB8DD49}.Debug|Mixed Platforms.Build.0 = Debug|Any CPU
		{D50F5226-2795-4D35-8CE0-7021AAB8DD49}.Debug|x86.ActiveCfg = Debug|Any CPU
		{D50F5226-2795-4D35-8CE0-7021AAB8DD49}.Release|Any CPU.ActiveCfg = Release|Any CPU
		{D50F5226-2795-4D35-8CE0-7021AAB8DD49}.Release|Any CPU.Build.0 = Release|Any CPU
		{D50F5226-2795-4D35-8CE0-7021AAB8DD49}.Release|Mixed Platforms.ActiveCfg = Release|Any CPU
		{D50F5226-2795-4D35-8CE0-7021AAB8DD49}.Release|Mixed Platforms.Build.0 = Release|Any CPU
		{D50F5226-2795-4D35-8CE0-7021AAB8DD49}.Release|x86.ActiveCfg = Release|Any CPU
		{62D0BA2E-A305-4A59-B545-BA016F1D94CF}.Debug|Any CPU.ActiveCfg = Debug|Any CPU
		{62D0BA2E-A305-4A59-B545-BA016F1D94CF}.Debug|Any CPU.Build.0 = Debug|Any CPU
		{62D0BA2E-A305-4A59-B545-BA016F1D94CF}.Debug|Mixed Platforms.ActiveCfg = Debug|Any CPU
		{62D0BA2E-A305-4A59-B545-BA016F1D94CF}.Debug|Mixed Platforms.Build.0 = Debug|Any CPU
		{62D0BA2E-A305-4A59-B545-BA016F1D94CF}.Debug|x86.ActiveCfg = Debug|Any CPU
		{62D0BA2E-A305-4A59-B545-BA016F1D94CF}.Release|Any CPU.ActiveCfg = Release|Any CPU
		{62D0BA2E-A305-4A59-B545-BA016F1D94CF}.Release|Any CPU.Build.0 = Release|Any CPU
		{62D0BA2E-A305-4A59-B545-BA016F1D94CF}.Release|Mixed Platforms.ActiveCfg = Release|Any CPU
		{62D0BA2E-A305-4A59-B545-BA016F1D94CF}.Release|Mixed Platforms.Build.0 = Release|Any CPU
		{62D0BA2E-A305-4A59-B545-BA016F1D94CF}.Release|x86.ActiveCfg = Release|Any CPU
		{25BBC985-7345-4216-AC40-DAD894D6DC14}.Debug|Any CPU.ActiveCfg = Debug|Any CPU
		{25BBC985-7345-4216-AC40-DAD894D6DC14}.Debug|Any CPU.Build.0 = Debug|Any CPU
		{25BBC985-7345-4216-AC40-DAD894D6DC14}.Debug|Mixed Platforms.ActiveCfg = Debug|Any CPU
		{25BBC985-7345-4216-AC40-DAD894D6DC14}.Debug|Mixed Platforms.Build.0 = Debug|Any CPU
		{25BBC985-7345-4216-AC40-DAD894D6DC14}.Debug|x86.ActiveCfg = Debug|Any CPU
		{25BBC985-7345-4216-AC40-DAD894D6DC14}.Release|Any CPU.ActiveCfg = Release|Any CPU
		{25BBC985-7345-4216-AC40-DAD894D6DC14}.Release|Any CPU.Build.0 = Release|Any CPU
		{25BBC985-7345-4216-AC40-DAD894D6DC14}.Release|Mixed Platforms.ActiveCfg = Release|Any CPU
		{25BBC985-7345-4216-AC40-DAD894D6DC14}.Release|Mixed Platforms.Build.0 = Release|Any CPU
		{25BBC985-7345-4216-AC40-DAD894D6DC14}.Release|x86.ActiveCfg = Release|Any CPU
		{F4EF81FA-5C0D-4B77-9DA7-DD5146BAA680}.Debug|Any CPU.ActiveCfg = Debug|Any CPU
		{F4EF81FA-5C0D-4B77-9DA7-DD5146BAA680}.Debug|Any CPU.Build.0 = Debug|Any CPU
		{F4EF81FA-5C0D-4B77-9DA7-DD5146BAA680}.Debug|Mixed Platforms.ActiveCfg = Debug|Any CPU
		{F4EF81FA-5C0D-4B77-9DA7-DD5146BAA680}.Debug|Mixed Platforms.Build.0 = Debug|Any CPU
		{F4EF81FA-5C0D-4B77-9DA7-DD5146BAA680}.Debug|x86.ActiveCfg = Debug|Any CPU
		{F4EF81FA-5C0D-4B77-9DA7-DD5146BAA680}.Release|Any CPU.ActiveCfg = Release|Any CPU
		{F4EF81FA-5C0D-4B77-9DA7-DD5146BAA680}.Release|Any CPU.Build.0 = Release|Any CPU
		{F4EF81FA-5C0D-4B77-9DA7-DD5146BAA680}.Release|Mixed Platforms.ActiveCfg = Release|Any CPU
		{F4EF81FA-5C0D-4B77-9DA7-DD5146BAA680}.Release|Mixed Platforms.Build.0 = Release|Any CPU
		{F4EF81FA-5C0D-4B77-9DA7-DD5146BAA680}.Release|x86.ActiveCfg = Release|Any CPU
		{CB0C850A-5765-4DE5-A2E0-6D3A7607FE47}.Debug|Any CPU.ActiveCfg = Debug|Any CPU
		{CB0C850A-5765-4DE5-A2E0-6D3A7607FE47}.Debug|Any CPU.Build.0 = Debug|Any CPU
		{CB0C850A-5765-4DE5-A2E0-6D3A7607FE47}.Debug|Mixed Platforms.ActiveCfg = Debug|Any CPU
		{CB0C850A-5765-4DE5-A2E0-6D3A7607FE47}.Debug|Mixed Platforms.Build.0 = Debug|Any CPU
		{CB0C850A-5765-4DE5-A2E0-6D3A7607FE47}.Debug|x86.ActiveCfg = Debug|Any CPU
		{CB0C850A-5765-4DE5-A2E0-6D3A7607FE47}.Release|Any CPU.ActiveCfg = Release|Any CPU
		{CB0C850A-5765-4DE5-A2E0-6D3A7607FE47}.Release|Any CPU.Build.0 = Release|Any CPU
		{CB0C850A-5765-4DE5-A2E0-6D3A7607FE47}.Release|Mixed Platforms.ActiveCfg = Release|Any CPU
		{CB0C850A-5765-4DE5-A2E0-6D3A7607FE47}.Release|Mixed Platforms.Build.0 = Release|Any CPU
		{CB0C850A-5765-4DE5-A2E0-6D3A7607FE47}.Release|x86.ActiveCfg = Release|Any CPU
		{6E1BB693-F40F-45A9-B807-C9078C983E13}.Debug|Any CPU.ActiveCfg = Debug|Any CPU
		{6E1BB693-F40F-45A9-B807-C9078C983E13}.Debug|Any CPU.Build.0 = Debug|Any CPU
		{6E1BB693-F40F-45A9-B807-C9078C983E13}.Debug|Mixed Platforms.ActiveCfg = Debug|Any CPU
		{6E1BB693-F40F-45A9-B807-C9078C983E13}.Debug|Mixed Platforms.Build.0 = Debug|Any CPU
		{6E1BB693-F40F-45A9-B807-C9078C983E13}.Debug|x86.ActiveCfg = Debug|Any CPU
		{6E1BB693-F40F-45A9-B807-C9078C983E13}.Release|Any CPU.ActiveCfg = Release|Any CPU
		{6E1BB693-F40F-45A9-B807-C9078C983E13}.Release|Any CPU.Build.0 = Release|Any CPU
		{6E1BB693-F40F-45A9-B807-C9078C983E13}.Release|Mixed Platforms.ActiveCfg = Release|Any CPU
		{6E1BB693-F40F-45A9-B807-C9078C983E13}.Release|Mixed Platforms.Build.0 = Release|Any CPU
		{6E1BB693-F40F-45A9-B807-C9078C983E13}.Release|x86.ActiveCfg = Release|Any CPU
		{EE600718-E227-41B4-B837-D55791801B4A}.Debug|Any CPU.ActiveCfg = Debug|Any CPU
		{EE600718-E227-41B4-B837-D55791801B4A}.Debug|Any CPU.Build.0 = Debug|Any CPU
		{EE600718-E227-41B4-B837-D55791801B4A}.Debug|Mixed Platforms.ActiveCfg = Debug|Any CPU
		{EE600718-E227-41B4-B837-D55791801B4A}.Debug|Mixed Platforms.Build.0 = Debug|Any CPU
		{EE600718-E227-41B4-B837-D55791801B4A}.Debug|x86.ActiveCfg = Debug|Any CPU
		{EE600718-E227-41B4-B837-D55791801B4A}.Release|Any CPU.ActiveCfg = Release|Any CPU
		{EE600718-E227-41B4-B837-D55791801B4A}.Release|Any CPU.Build.0 = Release|Any CPU
		{EE600718-E227-41B4-B837-D55791801B4A}.Release|Mixed Platforms.ActiveCfg = Release|Any CPU
		{EE600718-E227-41B4-B837-D55791801B4A}.Release|Mixed Platforms.Build.0 = Release|Any CPU
		{EE600718-E227-41B4-B837-D55791801B4A}.Release|x86.ActiveCfg = Release|Any CPU
		{FA12AEDF-86FC-424B-AAC9-254582159EEE}.Debug|Any CPU.ActiveCfg = Debug|Any CPU
		{FA12AEDF-86FC-424B-AAC9-254582159EEE}.Debug|Any CPU.Build.0 = Debug|Any CPU
		{FA12AEDF-86FC-424B-AAC9-254582159EEE}.Debug|Mixed Platforms.ActiveCfg = Debug|Any CPU
		{FA12AEDF-86FC-424B-AAC9-254582159EEE}.Debug|Mixed Platforms.Build.0 = Debug|Any CPU
		{FA12AEDF-86FC-424B-AAC9-254582159EEE}.Debug|x86.ActiveCfg = Debug|Any CPU
		{FA12AEDF-86FC-424B-AAC9-254582159EEE}.Release|Any CPU.ActiveCfg = Release|Any CPU
		{FA12AEDF-86FC-424B-AAC9-254582159EEE}.Release|Any CPU.Build.0 = Release|Any CPU
		{FA12AEDF-86FC-424B-AAC9-254582159EEE}.Release|Mixed Platforms.ActiveCfg = Release|Any CPU
		{FA12AEDF-86FC-424B-AAC9-254582159EEE}.Release|Mixed Platforms.Build.0 = Release|Any CPU
		{FA12AEDF-86FC-424B-AAC9-254582159EEE}.Release|x86.ActiveCfg = Release|Any CPU
		{E149DC99-4254-4659-AD72-574B2A5DD67D}.Debug|Any CPU.ActiveCfg = Debug|Any CPU
		{E149DC99-4254-4659-AD72-574B2A5DD67D}.Debug|Any CPU.Build.0 = Debug|Any CPU
		{E149DC99-4254-4659-AD72-574B2A5DD67D}.Debug|Mixed Platforms.ActiveCfg = Debug|Any CPU
		{E149DC99-4254-4659-AD72-574B2A5DD67D}.Debug|Mixed Platforms.Build.0 = Debug|Any CPU
		{E149DC99-4254-4659-AD72-574B2A5DD67D}.Debug|x86.ActiveCfg = Debug|Any CPU
		{E149DC99-4254-4659-AD72-574B2A5DD67D}.Release|Any CPU.ActiveCfg = Release|Any CPU
		{E149DC99-4254-4659-AD72-574B2A5DD67D}.Release|Any CPU.Build.0 = Release|Any CPU
		{E149DC99-4254-4659-AD72-574B2A5DD67D}.Release|Mixed Platforms.ActiveCfg = Release|Any CPU
		{E149DC99-4254-4659-AD72-574B2A5DD67D}.Release|Mixed Platforms.Build.0 = Release|Any CPU
		{E149DC99-4254-4659-AD72-574B2A5DD67D}.Release|x86.ActiveCfg = Release|Any CPU
		{E095E952-F784-40BB-BC65-72FBAFB087D7}.Debug|Any CPU.ActiveCfg = Debug|Any CPU
		{E095E952-F784-40BB-BC65-72FBAFB087D7}.Debug|Any CPU.Build.0 = Debug|Any CPU
		{E095E952-F784-40BB-BC65-72FBAFB087D7}.Debug|Mixed Platforms.ActiveCfg = Debug|Any CPU
		{E095E952-F784-40BB-BC65-72FBAFB087D7}.Debug|Mixed Platforms.Build.0 = Debug|Any CPU
		{E095E952-F784-40BB-BC65-72FBAFB087D7}.Debug|x86.ActiveCfg = Debug|Any CPU
		{E095E952-F784-40BB-BC65-72FBAFB087D7}.Release|Any CPU.ActiveCfg = Release|Any CPU
		{E095E952-F784-40BB-BC65-72FBAFB087D7}.Release|Any CPU.Build.0 = Release|Any CPU
		{E095E952-F784-40BB-BC65-72FBAFB087D7}.Release|Mixed Platforms.ActiveCfg = Release|Any CPU
		{E095E952-F784-40BB-BC65-72FBAFB087D7}.Release|Mixed Platforms.Build.0 = Release|Any CPU
		{E095E952-F784-40BB-BC65-72FBAFB087D7}.Release|x86.ActiveCfg = Release|Any CPU
		{8EFAEFA0-A937-419D-8E5B-346DCAFF6343}.Debug|Any CPU.ActiveCfg = Debug|Any CPU
		{8EFAEFA0-A937-419D-8E5B-346DCAFF6343}.Debug|Any CPU.Build.0 = Debug|Any CPU
		{8EFAEFA0-A937-419D-8E5B-346DCAFF6343}.Debug|Mixed Platforms.ActiveCfg = Debug|Any CPU
		{8EFAEFA0-A937-419D-8E5B-346DCAFF6343}.Debug|Mixed Platforms.Build.0 = Debug|Any CPU
		{8EFAEFA0-A937-419D-8E5B-346DCAFF6343}.Debug|x86.ActiveCfg = Debug|Any CPU
		{8EFAEFA0-A937-419D-8E5B-346DCAFF6343}.Release|Any CPU.ActiveCfg = Release|Any CPU
		{8EFAEFA0-A937-419D-8E5B-346DCAFF6343}.Release|Any CPU.Build.0 = Release|Any CPU
		{8EFAEFA0-A937-419D-8E5B-346DCAFF6343}.Release|Mixed Platforms.ActiveCfg = Release|Any CPU
		{8EFAEFA0-A937-419D-8E5B-346DCAFF6343}.Release|Mixed Platforms.Build.0 = Release|Any CPU
		{8EFAEFA0-A937-419D-8E5B-346DCAFF6343}.Release|x86.ActiveCfg = Release|Any CPU
		{A31A112B-CBF8-47B7-9A77-790277FCA458}.Debug|Any CPU.ActiveCfg = Debug|Any CPU
		{A31A112B-CBF8-47B7-9A77-790277FCA458}.Debug|Any CPU.Build.0 = Debug|Any CPU
		{A31A112B-CBF8-47B7-9A77-790277FCA458}.Debug|Mixed Platforms.ActiveCfg = Debug|Any CPU
		{A31A112B-CBF8-47B7-9A77-790277FCA458}.Debug|Mixed Platforms.Build.0 = Debug|Any CPU
		{A31A112B-CBF8-47B7-9A77-790277FCA458}.Debug|x86.ActiveCfg = Debug|Any CPU
		{A31A112B-CBF8-47B7-9A77-790277FCA458}.Release|Any CPU.ActiveCfg = Release|Any CPU
		{A31A112B-CBF8-47B7-9A77-790277FCA458}.Release|Any CPU.Build.0 = Release|Any CPU
		{A31A112B-CBF8-47B7-9A77-790277FCA458}.Release|Mixed Platforms.ActiveCfg = Release|Any CPU
		{A31A112B-CBF8-47B7-9A77-790277FCA458}.Release|Mixed Platforms.Build.0 = Release|Any CPU
		{A31A112B-CBF8-47B7-9A77-790277FCA458}.Release|x86.ActiveCfg = Release|Any CPU
		{8C339566-8E4C-41B1-92B9-0E7BC70B551F}.Debug|Any CPU.ActiveCfg = Debug|Any CPU
		{8C339566-8E4C-41B1-92B9-0E7BC70B551F}.Debug|Any CPU.Build.0 = Debug|Any CPU
		{8C339566-8E4C-41B1-92B9-0E7BC70B551F}.Debug|Mixed Platforms.ActiveCfg = Debug|Any CPU
		{8C339566-8E4C-41B1-92B9-0E7BC70B551F}.Debug|Mixed Platforms.Build.0 = Debug|Any CPU
		{8C339566-8E4C-41B1-92B9-0E7BC70B551F}.Debug|x86.ActiveCfg = Debug|Any CPU
		{8C339566-8E4C-41B1-92B9-0E7BC70B551F}.Release|Any CPU.ActiveCfg = Release|Any CPU
		{8C339566-8E4C-41B1-92B9-0E7BC70B551F}.Release|Any CPU.Build.0 = Release|Any CPU
		{8C339566-8E4C-41B1-92B9-0E7BC70B551F}.Release|Mixed Platforms.ActiveCfg = Release|Any CPU
		{8C339566-8E4C-41B1-92B9-0E7BC70B551F}.Release|Mixed Platforms.Build.0 = Release|Any CPU
		{8C339566-8E4C-41B1-92B9-0E7BC70B551F}.Release|x86.ActiveCfg = Release|Any CPU
		{DC1157DE-0AE4-4416-B913-5E4E8EB2411A}.Debug|Any CPU.ActiveCfg = Debug|Any CPU
		{DC1157DE-0AE4-4416-B913-5E4E8EB2411A}.Debug|Any CPU.Build.0 = Debug|Any CPU
		{DC1157DE-0AE4-4416-B913-5E4E8EB2411A}.Debug|Mixed Platforms.ActiveCfg = Debug|Any CPU
		{DC1157DE-0AE4-4416-B913-5E4E8EB2411A}.Debug|Mixed Platforms.Build.0 = Debug|Any CPU
		{DC1157DE-0AE4-4416-B913-5E4E8EB2411A}.Debug|x86.ActiveCfg = Debug|Any CPU
		{DC1157DE-0AE4-4416-B913-5E4E8EB2411A}.Release|Any CPU.ActiveCfg = Release|Any CPU
		{DC1157DE-0AE4-4416-B913-5E4E8EB2411A}.Release|Any CPU.Build.0 = Release|Any CPU
		{DC1157DE-0AE4-4416-B913-5E4E8EB2411A}.Release|Mixed Platforms.ActiveCfg = Release|Any CPU
		{DC1157DE-0AE4-4416-B913-5E4E8EB2411A}.Release|Mixed Platforms.Build.0 = Release|Any CPU
		{DC1157DE-0AE4-4416-B913-5E4E8EB2411A}.Release|x86.ActiveCfg = Release|Any CPU
		{EF2B7FEB-6CA8-4350-AA5C-50B5A5EC19B7}.Debug|Any CPU.ActiveCfg = Debug|Any CPU
		{EF2B7FEB-6CA8-4350-AA5C-50B5A5EC19B7}.Debug|Any CPU.Build.0 = Debug|Any CPU
		{EF2B7FEB-6CA8-4350-AA5C-50B5A5EC19B7}.Debug|Mixed Platforms.ActiveCfg = Debug|Any CPU
		{EF2B7FEB-6CA8-4350-AA5C-50B5A5EC19B7}.Debug|Mixed Platforms.Build.0 = Debug|Any CPU
		{EF2B7FEB-6CA8-4350-AA5C-50B5A5EC19B7}.Debug|x86.ActiveCfg = Debug|Any CPU
		{EF2B7FEB-6CA8-4350-AA5C-50B5A5EC19B7}.Release|Any CPU.ActiveCfg = Release|Any CPU
		{EF2B7FEB-6CA8-4350-AA5C-50B5A5EC19B7}.Release|Any CPU.Build.0 = Release|Any CPU
		{EF2B7FEB-6CA8-4350-AA5C-50B5A5EC19B7}.Release|Mixed Platforms.ActiveCfg = Release|Any CPU
		{EF2B7FEB-6CA8-4350-AA5C-50B5A5EC19B7}.Release|Mixed Platforms.Build.0 = Release|Any CPU
		{EF2B7FEB-6CA8-4350-AA5C-50B5A5EC19B7}.Release|x86.ActiveCfg = Release|Any CPU
		{B29A97EF-5107-476B-A27A-688028CAAF54}.Debug|Any CPU.ActiveCfg = Debug|Any CPU
		{B29A97EF-5107-476B-A27A-688028CAAF54}.Debug|Any CPU.Build.0 = Debug|Any CPU
		{B29A97EF-5107-476B-A27A-688028CAAF54}.Debug|Mixed Platforms.ActiveCfg = Debug|Any CPU
		{B29A97EF-5107-476B-A27A-688028CAAF54}.Debug|Mixed Platforms.Build.0 = Debug|Any CPU
		{B29A97EF-5107-476B-A27A-688028CAAF54}.Debug|x86.ActiveCfg = Debug|Any CPU
		{B29A97EF-5107-476B-A27A-688028CAAF54}.Release|Any CPU.ActiveCfg = Release|Any CPU
		{B29A97EF-5107-476B-A27A-688028CAAF54}.Release|Any CPU.Build.0 = Release|Any CPU
		{B29A97EF-5107-476B-A27A-688028CAAF54}.Release|Mixed Platforms.ActiveCfg = Release|Any CPU
		{B29A97EF-5107-476B-A27A-688028CAAF54}.Release|Mixed Platforms.Build.0 = Release|Any CPU
		{B29A97EF-5107-476B-A27A-688028CAAF54}.Release|x86.ActiveCfg = Release|Any CPU
		{36C48933-F3DA-468A-8529-212601FC0FA5}.Debug|Any CPU.ActiveCfg = Debug|Any CPU
		{36C48933-F3DA-468A-8529-212601FC0FA5}.Debug|Any CPU.Build.0 = Debug|Any CPU
		{36C48933-F3DA-468A-8529-212601FC0FA5}.Debug|Mixed Platforms.ActiveCfg = Debug|Any CPU
		{36C48933-F3DA-468A-8529-212601FC0FA5}.Debug|Mixed Platforms.Build.0 = Debug|Any CPU
		{36C48933-F3DA-468A-8529-212601FC0FA5}.Debug|x86.ActiveCfg = Debug|Any CPU
		{36C48933-F3DA-468A-8529-212601FC0FA5}.Release|Any CPU.ActiveCfg = Release|Any CPU
		{36C48933-F3DA-468A-8529-212601FC0FA5}.Release|Any CPU.Build.0 = Release|Any CPU
		{36C48933-F3DA-468A-8529-212601FC0FA5}.Release|Mixed Platforms.ActiveCfg = Release|Any CPU
		{36C48933-F3DA-468A-8529-212601FC0FA5}.Release|Mixed Platforms.Build.0 = Release|Any CPU
		{36C48933-F3DA-468A-8529-212601FC0FA5}.Release|x86.ActiveCfg = Release|Any CPU
		{E2376A04-2BC8-43E6-B4B1-6AE4E6C7F384}.Debug|Any CPU.ActiveCfg = Debug|Any CPU
		{E2376A04-2BC8-43E6-B4B1-6AE4E6C7F384}.Debug|Any CPU.Build.0 = Debug|Any CPU
		{E2376A04-2BC8-43E6-B4B1-6AE4E6C7F384}.Debug|Mixed Platforms.ActiveCfg = Debug|Any CPU
		{E2376A04-2BC8-43E6-B4B1-6AE4E6C7F384}.Debug|Mixed Platforms.Build.0 = Debug|Any CPU
		{E2376A04-2BC8-43E6-B4B1-6AE4E6C7F384}.Debug|x86.ActiveCfg = Debug|Any CPU
		{E2376A04-2BC8-43E6-B4B1-6AE4E6C7F384}.Release|Any CPU.ActiveCfg = Release|Any CPU
		{E2376A04-2BC8-43E6-B4B1-6AE4E6C7F384}.Release|Any CPU.Build.0 = Release|Any CPU
		{E2376A04-2BC8-43E6-B4B1-6AE4E6C7F384}.Release|Mixed Platforms.ActiveCfg = Release|Any CPU
		{E2376A04-2BC8-43E6-B4B1-6AE4E6C7F384}.Release|Mixed Platforms.Build.0 = Release|Any CPU
		{E2376A04-2BC8-43E6-B4B1-6AE4E6C7F384}.Release|x86.ActiveCfg = Release|Any CPU
		{3AD36F9E-4E49-40F0-99FC-39DD638C62E1}.Debug|Any CPU.ActiveCfg = Debug|Any CPU
		{3AD36F9E-4E49-40F0-99FC-39DD638C62E1}.Debug|Any CPU.Build.0 = Debug|Any CPU
		{3AD36F9E-4E49-40F0-99FC-39DD638C62E1}.Debug|Mixed Platforms.ActiveCfg = Debug|Any CPU
		{3AD36F9E-4E49-40F0-99FC-39DD638C62E1}.Debug|Mixed Platforms.Build.0 = Debug|Any CPU
		{3AD36F9E-4E49-40F0-99FC-39DD638C62E1}.Debug|x86.ActiveCfg = Debug|Any CPU
		{3AD36F9E-4E49-40F0-99FC-39DD638C62E1}.Release|Any CPU.ActiveCfg = Release|Any CPU
		{3AD36F9E-4E49-40F0-99FC-39DD638C62E1}.Release|Any CPU.Build.0 = Release|Any CPU
		{3AD36F9E-4E49-40F0-99FC-39DD638C62E1}.Release|Mixed Platforms.ActiveCfg = Release|Any CPU
		{3AD36F9E-4E49-40F0-99FC-39DD638C62E1}.Release|Mixed Platforms.Build.0 = Release|Any CPU
		{3AD36F9E-4E49-40F0-99FC-39DD638C62E1}.Release|x86.ActiveCfg = Release|Any CPU
		{185518CE-AEEE-416A-AA17-C8F04F3E4BCD}.Debug|Any CPU.ActiveCfg = Debug|Any CPU
		{185518CE-AEEE-416A-AA17-C8F04F3E4BCD}.Debug|Any CPU.Build.0 = Debug|Any CPU
		{185518CE-AEEE-416A-AA17-C8F04F3E4BCD}.Debug|Mixed Platforms.ActiveCfg = Debug|Any CPU
		{185518CE-AEEE-416A-AA17-C8F04F3E4BCD}.Debug|Mixed Platforms.Build.0 = Debug|Any CPU
		{185518CE-AEEE-416A-AA17-C8F04F3E4BCD}.Debug|x86.ActiveCfg = Debug|Any CPU
		{185518CE-AEEE-416A-AA17-C8F04F3E4BCD}.Release|Any CPU.ActiveCfg = Release|Any CPU
		{185518CE-AEEE-416A-AA17-C8F04F3E4BCD}.Release|Any CPU.Build.0 = Release|Any CPU
		{185518CE-AEEE-416A-AA17-C8F04F3E4BCD}.Release|Mixed Platforms.ActiveCfg = Release|Any CPU
		{185518CE-AEEE-416A-AA17-C8F04F3E4BCD}.Release|Mixed Platforms.Build.0 = Release|Any CPU
		{185518CE-AEEE-416A-AA17-C8F04F3E4BCD}.Release|x86.ActiveCfg = Release|Any CPU
		{B9FDE3ED-0FEE-400A-87EB-3A3C7AC8F01D}.Debug|Any CPU.ActiveCfg = Debug|Any CPU
		{B9FDE3ED-0FEE-400A-87EB-3A3C7AC8F01D}.Debug|Any CPU.Build.0 = Debug|Any CPU
		{B9FDE3ED-0FEE-400A-87EB-3A3C7AC8F01D}.Debug|Mixed Platforms.ActiveCfg = Debug|Any CPU
		{B9FDE3ED-0FEE-400A-87EB-3A3C7AC8F01D}.Debug|Mixed Platforms.Build.0 = Debug|Any CPU
		{B9FDE3ED-0FEE-400A-87EB-3A3C7AC8F01D}.Debug|x86.ActiveCfg = Debug|Any CPU
		{B9FDE3ED-0FEE-400A-87EB-3A3C7AC8F01D}.Release|Any CPU.ActiveCfg = Release|Any CPU
		{B9FDE3ED-0FEE-400A-87EB-3A3C7AC8F01D}.Release|Any CPU.Build.0 = Release|Any CPU
		{B9FDE3ED-0FEE-400A-87EB-3A3C7AC8F01D}.Release|Mixed Platforms.ActiveCfg = Release|Any CPU
		{B9FDE3ED-0FEE-400A-87EB-3A3C7AC8F01D}.Release|Mixed Platforms.Build.0 = Release|Any CPU
		{B9FDE3ED-0FEE-400A-87EB-3A3C7AC8F01D}.Release|x86.ActiveCfg = Release|Any CPU
		{AFF890BC-240F-4D73-B9B2-2D65801F149A}.Debug|Any CPU.ActiveCfg = Debug|Any CPU
		{AFF890BC-240F-4D73-B9B2-2D65801F149A}.Debug|Any CPU.Build.0 = Debug|Any CPU
		{AFF890BC-240F-4D73-B9B2-2D65801F149A}.Debug|Mixed Platforms.ActiveCfg = Debug|Any CPU
		{AFF890BC-240F-4D73-B9B2-2D65801F149A}.Debug|x86.ActiveCfg = Debug|Any CPU
		{AFF890BC-240F-4D73-B9B2-2D65801F149A}.Release|Any CPU.ActiveCfg = Release|Any CPU
		{AFF890BC-240F-4D73-B9B2-2D65801F149A}.Release|Any CPU.Build.0 = Release|Any CPU
		{AFF890BC-240F-4D73-B9B2-2D65801F149A}.Release|Mixed Platforms.ActiveCfg = Release|Any CPU
		{AFF890BC-240F-4D73-B9B2-2D65801F149A}.Release|x86.ActiveCfg = Release|Any CPU
		{EF97F11A-FD8E-459D-A0FA-1A8FB6652FE1}.Debug|Any CPU.ActiveCfg = Debug|x86
		{EF97F11A-FD8E-459D-A0FA-1A8FB6652FE1}.Debug|Mixed Platforms.ActiveCfg = Debug|x86
		{EF97F11A-FD8E-459D-A0FA-1A8FB6652FE1}.Debug|Mixed Platforms.Build.0 = Debug|x86
		{EF97F11A-FD8E-459D-A0FA-1A8FB6652FE1}.Debug|x86.ActiveCfg = Debug|x86
		{EF97F11A-FD8E-459D-A0FA-1A8FB6652FE1}.Debug|x86.Build.0 = Debug|x86
		{EF97F11A-FD8E-459D-A0FA-1A8FB6652FE1}.Release|Any CPU.ActiveCfg = Release|x86
		{EF97F11A-FD8E-459D-A0FA-1A8FB6652FE1}.Release|Mixed Platforms.ActiveCfg = Release|x86
		{EF97F11A-FD8E-459D-A0FA-1A8FB6652FE1}.Release|Mixed Platforms.Build.0 = Release|x86
		{EF97F11A-FD8E-459D-A0FA-1A8FB6652FE1}.Release|x86.ActiveCfg = Release|x86
		{EF97F11A-FD8E-459D-A0FA-1A8FB6652FE1}.Release|x86.Build.0 = Release|x86
		{13CA11B4-FAEE-4901-8067-B00A6F85AE33}.Debug|Any CPU.ActiveCfg = Debug|Any CPU
		{13CA11B4-FAEE-4901-8067-B00A6F85AE33}.Debug|Any CPU.Build.0 = Debug|Any CPU
		{13CA11B4-FAEE-4901-8067-B00A6F85AE33}.Debug|Mixed Platforms.ActiveCfg = Debug|Any CPU
		{13CA11B4-FAEE-4901-8067-B00A6F85AE33}.Debug|Mixed Platforms.Build.0 = Debug|Any CPU
		{13CA11B4-FAEE-4901-8067-B00A6F85AE33}.Debug|x86.ActiveCfg = Debug|Any CPU
		{13CA11B4-FAEE-4901-8067-B00A6F85AE33}.Release|Any CPU.ActiveCfg = Release|Any CPU
		{13CA11B4-FAEE-4901-8067-B00A6F85AE33}.Release|Any CPU.Build.0 = Release|Any CPU
		{13CA11B4-FAEE-4901-8067-B00A6F85AE33}.Release|Mixed Platforms.ActiveCfg = Release|Any CPU
		{13CA11B4-FAEE-4901-8067-B00A6F85AE33}.Release|Mixed Platforms.Build.0 = Release|Any CPU
		{13CA11B4-FAEE-4901-8067-B00A6F85AE33}.Release|x86.ActiveCfg = Release|Any CPU
		{8F318EC1-E001-4CF2-A89A-A2B0C94E1D98}.Debug|Any CPU.ActiveCfg = Debug|Any CPU
		{8F318EC1-E001-4CF2-A89A-A2B0C94E1D98}.Debug|Any CPU.Build.0 = Debug|Any CPU
		{8F318EC1-E001-4CF2-A89A-A2B0C94E1D98}.Debug|Mixed Platforms.ActiveCfg = Debug|Any CPU
		{8F318EC1-E001-4CF2-A89A-A2B0C94E1D98}.Debug|Mixed Platforms.Build.0 = Debug|Any CPU
		{8F318EC1-E001-4CF2-A89A-A2B0C94E1D98}.Debug|x86.ActiveCfg = Debug|Any CPU
		{8F318EC1-E001-4CF2-A89A-A2B0C94E1D98}.Release|Any CPU.ActiveCfg = Release|Any CPU
		{8F318EC1-E001-4CF2-A89A-A2B0C94E1D98}.Release|Any CPU.Build.0 = Release|Any CPU
		{8F318EC1-E001-4CF2-A89A-A2B0C94E1D98}.Release|Mixed Platforms.ActiveCfg = Release|Any CPU
		{8F318EC1-E001-4CF2-A89A-A2B0C94E1D98}.Release|Mixed Platforms.Build.0 = Release|Any CPU
		{8F318EC1-E001-4CF2-A89A-A2B0C94E1D98}.Release|x86.ActiveCfg = Release|Any CPU
	EndGlobalSection
	GlobalSection(SolutionProperties) = preSolution
		HideSolutionNode = FALSE
	EndGlobalSection
	GlobalSection(NestedProjects) = preSolution
		{2FDDD73E-FD7D-41C2-9D8E-EEF260CCE0C6} = {E4CDAD00-1D5A-4BA8-B7D6-338A0294DDBE}
		{FD73C73F-E2AE-4610-9A64-C024144F0A51} = {E4CDAD00-1D5A-4BA8-B7D6-338A0294DDBE}
		{6BD1AF92-A68A-4208-A478-CF5E473AAD3E} = {E4CDAD00-1D5A-4BA8-B7D6-338A0294DDBE}
		{5052380A-72D4-4F00-96B0-B5E762E148ED} = {E4CDAD00-1D5A-4BA8-B7D6-338A0294DDBE}
		{8F4A4098-0384-4ACE-9E66-7E84F56E51EA} = {E4CDAD00-1D5A-4BA8-B7D6-338A0294DDBE}
		{EF2B7FEB-6CA8-4350-AA5C-50B5A5EC19B7} = {E4CDAD00-1D5A-4BA8-B7D6-338A0294DDBE}
		{535241C7-F81C-454F-BEC4-B2B7D939B3B6} = {24485D13-BED8-4744-A36A-DF143D84FD81}
		{DDBD14C9-0145-4299-A53E-46769A8D69B2} = {24485D13-BED8-4744-A36A-DF143D84FD81}
		{C752A56B-9CC7-4BA0-BFD1-4BCDA2527B78} = {24485D13-BED8-4744-A36A-DF143D84FD81}
		{DCA57065-CAA5-49E9-8EA0-A825F9776C41} = {24485D13-BED8-4744-A36A-DF143D84FD81}
		{43C5DEC2-FEB1-4B3B-8DE8-1BF170638666} = {24485D13-BED8-4744-A36A-DF143D84FD81}
		{159C73EE-DB5A-4DD7-90DD-E4DA724072F8} = {24485D13-BED8-4744-A36A-DF143D84FD81}
		{12F263A6-D1D3-4F3E-BA40-DF7A2F496F5D} = {24485D13-BED8-4744-A36A-DF143D84FD81}
		{D50F5226-2795-4D35-8CE0-7021AAB8DD49} = {24485D13-BED8-4744-A36A-DF143D84FD81}
		{62D0BA2E-A305-4A59-B545-BA016F1D94CF} = {24485D13-BED8-4744-A36A-DF143D84FD81}
		{25BBC985-7345-4216-AC40-DAD894D6DC14} = {24485D13-BED8-4744-A36A-DF143D84FD81}
		{F4EF81FA-5C0D-4B77-9DA7-DD5146BAA680} = {24485D13-BED8-4744-A36A-DF143D84FD81}
		{CB0C850A-5765-4DE5-A2E0-6D3A7607FE47} = {24485D13-BED8-4744-A36A-DF143D84FD81}
		{6E1BB693-F40F-45A9-B807-C9078C983E13} = {24485D13-BED8-4744-A36A-DF143D84FD81}
		{EE600718-E227-41B4-B837-D55791801B4A} = {24485D13-BED8-4744-A36A-DF143D84FD81}
		{FA12AEDF-86FC-424B-AAC9-254582159EEE} = {24485D13-BED8-4744-A36A-DF143D84FD81}
		{E149DC99-4254-4659-AD72-574B2A5DD67D} = {24485D13-BED8-4744-A36A-DF143D84FD81}
		{E095E952-F784-40BB-BC65-72FBAFB087D7} = {24485D13-BED8-4744-A36A-DF143D84FD81}
		{8EFAEFA0-A937-419D-8E5B-346DCAFF6343} = {24485D13-BED8-4744-A36A-DF143D84FD81}
		{A31A112B-CBF8-47B7-9A77-790277FCA458} = {24485D13-BED8-4744-A36A-DF143D84FD81}
		{8C339566-8E4C-41B1-92B9-0E7BC70B551F} = {24485D13-BED8-4744-A36A-DF143D84FD81}
		{DC1157DE-0AE4-4416-B913-5E4E8EB2411A} = {24485D13-BED8-4744-A36A-DF143D84FD81}
		{8B39146A-E679-4850-8612-41614D0F7E5B} = {24485D13-BED8-4744-A36A-DF143D84FD81}
		{EF97F11A-FD8E-459D-A0FA-1A8FB6652FE1} = {24485D13-BED8-4744-A36A-DF143D84FD81}
	EndGlobalSection
EndGlobal
