
Microsoft Visual Studio Solution File, Format Version 11.00
# Visual Studio 2010
Project("{FAE04EC0-301F-11D3-BF4B-00C04F79EFBC}") = "Wonga.QA.Generators.Api", "Wonga.QA.Generators.Api\Wonga.QA.Generators.Api.csproj", "{EB69CFCB-B16E-4F0D-A95B-D6899A7C059C}"
EndProject
Project("{FAE04EC0-301F-11D3-BF4B-00C04F79EFBC}") = "Wonga.QA.Generators.Core", "Wonga.QA.Generators.Core\Wonga.QA.Generators.Core.csproj", "{5A50202F-6831-4453-8CB4-926531C7EC74}"
EndProject
Project("{FAE04EC0-301F-11D3-BF4B-00C04F79EFBC}") = "Wonga.QA.Generators.Cs", "Wonga.QA.Generators.Cs\Wonga.QA.Generators.Cs.csproj", "{F0257B8B-8511-4D45-AD28-AA89BCDC41FB}"
EndProject
Project("{FAE04EC0-301F-11D3-BF4B-00C04F79EFBC}") = "Wonga.QA.Generators.Db", "Wonga.QA.Generators.Db\Wonga.QA.Generators.Db.csproj", "{9292576A-0FD8-481F-8C65-1726F701B5A6}"
EndProject
Project("{FAE04EC0-301F-11D3-BF4B-00C04F79EFBC}") = "Wonga.QA.Generators.Msmq", "Wonga.QA.Generators.Msmq\Wonga.QA.Generators.Msmq.csproj", "{29BF93FC-781A-442E-A3F3-D637AD00374E}"
EndProject
Global
	GlobalSection(SolutionConfigurationPlatforms) = preSolution
		Debug|Any CPU = Debug|Any CPU
		Debug|Mixed Platforms = Debug|Mixed Platforms
		Debug|x86 = Debug|x86
		Release|Any CPU = Release|Any CPU
		Release|Mixed Platforms = Release|Mixed Platforms
		Release|x86 = Release|x86
	EndGlobalSection
	GlobalSection(ProjectConfigurationPlatforms) = postSolution
		{EB69CFCB-B16E-4F0D-A95B-D6899A7C059C}.Debug|Any CPU.ActiveCfg = Debug|Any CPU
		{EB69CFCB-B16E-4F0D-A95B-D6899A7C059C}.Debug|Any CPU.Build.0 = Debug|Any CPU
		{EB69CFCB-B16E-4F0D-A95B-D6899A7C059C}.Debug|Mixed Platforms.ActiveCfg = Debug|Any CPU
		{EB69CFCB-B16E-4F0D-A95B-D6899A7C059C}.Debug|Mixed Platforms.Build.0 = Debug|Any CPU
		{EB69CFCB-B16E-4F0D-A95B-D6899A7C059C}.Debug|x86.ActiveCfg = Debug|Any CPU
		{EB69CFCB-B16E-4F0D-A95B-D6899A7C059C}.Release|Any CPU.ActiveCfg = Release|Any CPU
		{EB69CFCB-B16E-4F0D-A95B-D6899A7C059C}.Release|Any CPU.Build.0 = Release|Any CPU
		{EB69CFCB-B16E-4F0D-A95B-D6899A7C059C}.Release|Mixed Platforms.ActiveCfg = Release|Any CPU
		{EB69CFCB-B16E-4F0D-A95B-D6899A7C059C}.Release|Mixed Platforms.Build.0 = Release|Any CPU
		{EB69CFCB-B16E-4F0D-A95B-D6899A7C059C}.Release|x86.ActiveCfg = Release|Any CPU
		{5A50202F-6831-4453-8CB4-926531C7EC74}.Debug|Any CPU.ActiveCfg = Debug|Any CPU
		{5A50202F-6831-4453-8CB4-926531C7EC74}.Debug|Any CPU.Build.0 = Debug|Any CPU
		{5A50202F-6831-4453-8CB4-926531C7EC74}.Debug|Mixed Platforms.ActiveCfg = Debug|Any CPU
		{5A50202F-6831-4453-8CB4-926531C7EC74}.Debug|Mixed Platforms.Build.0 = Debug|Any CPU
		{5A50202F-6831-4453-8CB4-926531C7EC74}.Debug|x86.ActiveCfg = Debug|Any CPU
		{5A50202F-6831-4453-8CB4-926531C7EC74}.Release|Any CPU.ActiveCfg = Release|Any CPU
		{5A50202F-6831-4453-8CB4-926531C7EC74}.Release|Any CPU.Build.0 = Release|Any CPU
		{5A50202F-6831-4453-8CB4-926531C7EC74}.Release|Mixed Platforms.ActiveCfg = Release|Any CPU
		{5A50202F-6831-4453-8CB4-926531C7EC74}.Release|Mixed Platforms.Build.0 = Release|Any CPU
		{5A50202F-6831-4453-8CB4-926531C7EC74}.Release|x86.ActiveCfg = Release|Any CPU
		{F0257B8B-8511-4D45-AD28-AA89BCDC41FB}.Debug|Any CPU.ActiveCfg = Debug|Any CPU
		{F0257B8B-8511-4D45-AD28-AA89BCDC41FB}.Debug|Any CPU.Build.0 = Debug|Any CPU
		{F0257B8B-8511-4D45-AD28-AA89BCDC41FB}.Debug|Mixed Platforms.ActiveCfg = Debug|Any CPU
		{F0257B8B-8511-4D45-AD28-AA89BCDC41FB}.Debug|Mixed Platforms.Build.0 = Debug|Any CPU
		{F0257B8B-8511-4D45-AD28-AA89BCDC41FB}.Debug|x86.ActiveCfg = Debug|Any CPU
		{F0257B8B-8511-4D45-AD28-AA89BCDC41FB}.Release|Any CPU.ActiveCfg = Release|Any CPU
		{F0257B8B-8511-4D45-AD28-AA89BCDC41FB}.Release|Any CPU.Build.0 = Release|Any CPU
		{F0257B8B-8511-4D45-AD28-AA89BCDC41FB}.Release|Mixed Platforms.ActiveCfg = Release|Any CPU
		{F0257B8B-8511-4D45-AD28-AA89BCDC41FB}.Release|Mixed Platforms.Build.0 = Release|Any CPU
		{F0257B8B-8511-4D45-AD28-AA89BCDC41FB}.Release|x86.ActiveCfg = Release|Any CPU
		{9292576A-0FD8-481F-8C65-1726F701B5A6}.Debug|Any CPU.ActiveCfg = Debug|Any CPU
		{9292576A-0FD8-481F-8C65-1726F701B5A6}.Debug|Any CPU.Build.0 = Debug|Any CPU
		{9292576A-0FD8-481F-8C65-1726F701B5A6}.Debug|Mixed Platforms.ActiveCfg = Debug|Any CPU
		{9292576A-0FD8-481F-8C65-1726F701B5A6}.Debug|Mixed Platforms.Build.0 = Debug|Any CPU
		{9292576A-0FD8-481F-8C65-1726F701B5A6}.Debug|x86.ActiveCfg = Debug|Any CPU
		{9292576A-0FD8-481F-8C65-1726F701B5A6}.Release|Any CPU.ActiveCfg = Release|Any CPU
		{9292576A-0FD8-481F-8C65-1726F701B5A6}.Release|Any CPU.Build.0 = Release|Any CPU
		{9292576A-0FD8-481F-8C65-1726F701B5A6}.Release|Mixed Platforms.ActiveCfg = Release|Any CPU
		{9292576A-0FD8-481F-8C65-1726F701B5A6}.Release|Mixed Platforms.Build.0 = Release|Any CPU
		{9292576A-0FD8-481F-8C65-1726F701B5A6}.Release|x86.ActiveCfg = Release|Any CPU
		{29BF93FC-781A-442E-A3F3-D637AD00374E}.Debug|Any CPU.ActiveCfg = Debug|Any CPU
		{29BF93FC-781A-442E-A3F3-D637AD00374E}.Debug|Any CPU.Build.0 = Debug|Any CPU
		{29BF93FC-781A-442E-A3F3-D637AD00374E}.Debug|Mixed Platforms.ActiveCfg = Debug|Any CPU
		{29BF93FC-781A-442E-A3F3-D637AD00374E}.Debug|Mixed Platforms.Build.0 = Debug|Any CPU
		{29BF93FC-781A-442E-A3F3-D637AD00374E}.Debug|x86.ActiveCfg = Debug|Any CPU
		{29BF93FC-781A-442E-A3F3-D637AD00374E}.Release|Any CPU.ActiveCfg = Release|Any CPU
		{29BF93FC-781A-442E-A3F3-D637AD00374E}.Release|Any CPU.Build.0 = Release|Any CPU
		{29BF93FC-781A-442E-A3F3-D637AD00374E}.Release|Mixed Platforms.ActiveCfg = Release|Any CPU
		{29BF93FC-781A-442E-A3F3-D637AD00374E}.Release|Mixed Platforms.Build.0 = Release|Any CPU
		{29BF93FC-781A-442E-A3F3-D637AD00374E}.Release|x86.ActiveCfg = Release|Any CPU
	EndGlobalSection
	GlobalSection(SolutionProperties) = preSolution
		HideSolutionNode = FALSE
	EndGlobalSection
EndGlobal
