
Microsoft Visual Studio Solution File, Format Version 11.00
# Visual Studio 2010
Project("{FAE04EC0-301F-11D3-BF4B-00C04F79EFBC}") = "Wonga.QA.Generators.Core", "Wonga.QA.Generators.Core\Wonga.QA.Generators.Core.csproj", "{E75D1A91-2371-4C09-A15C-4F97FA2AD606}"
EndProject
Project("{FAE04EC0-301F-11D3-BF4B-00C04F79EFBC}") = "Wonga.QA.Generators.Api", "Wonga.QA.Generators.Api\Wonga.QA.Generators.Api.csproj", "{140C24BB-5AD5-41ED-8CBF-198BC0C47B10}"
EndProject
Project("{FAE04EC0-301F-11D3-BF4B-00C04F79EFBC}") = "Wonga.QA.Generators.Msmq", "Wonga.QA.Generators.Msmq\Wonga.QA.Generators.Msmq.csproj", "{25F1A14E-BC3B-4E9E-ABAA-2F0E266576CA}"
EndProject
Project("{FAE04EC0-301F-11D3-BF4B-00C04F79EFBC}") = "Wonga.QA.Generators.Db", "Wonga.QA.Generators.Db\Wonga.QA.Generators.Db.csproj", "{41F0E057-E06D-4238-B7CF-1539390F3549}"
EndProject
Project("{FAE04EC0-301F-11D3-BF4B-00C04F79EFBC}") = "Wonga.QA.Generators.Cs", "Wonga.QA.Generators.Cs\Wonga.QA.Generators.Cs.csproj", "{D02B7EAF-61B9-49F8-96F2-DB07F7B20ACA}"
EndProject
Project("{FAE04EC0-301F-11D3-BF4B-00C04F79EFBC}") = "Wonga.QA.Generators.Risk", "Wonga.QA.Generators.Risk\Wonga.QA.Generators.Risk.csproj", "{4D761ED4-D23B-4649-BD37-F76DCA58E001}"
EndProject
Global
	GlobalSection(SolutionConfigurationPlatforms) = preSolution
		Debug|Any CPU = Debug|Any CPU
		Debug|Mixed Platforms = Debug|Mixed Platforms
		Debug|x86 = Debug|x86
		Release|Any CPU = Release|Any CPU
		Release|Mixed Platforms = Release|Mixed Platforms
		Release|x86 = Release|x86
	EndGlobalSection
	GlobalSection(ProjectConfigurationPlatforms) = postSolution
		{E75D1A91-2371-4C09-A15C-4F97FA2AD606}.Debug|Any CPU.ActiveCfg = Debug|Any CPU
		{E75D1A91-2371-4C09-A15C-4F97FA2AD606}.Debug|Any CPU.Build.0 = Debug|Any CPU
		{E75D1A91-2371-4C09-A15C-4F97FA2AD606}.Debug|Mixed Platforms.ActiveCfg = Debug|Any CPU
		{E75D1A91-2371-4C09-A15C-4F97FA2AD606}.Debug|Mixed Platforms.Build.0 = Debug|Any CPU
		{E75D1A91-2371-4C09-A15C-4F97FA2AD606}.Debug|x86.ActiveCfg = Debug|Any CPU
		{E75D1A91-2371-4C09-A15C-4F97FA2AD606}.Release|Any CPU.ActiveCfg = Release|Any CPU
		{E75D1A91-2371-4C09-A15C-4F97FA2AD606}.Release|Any CPU.Build.0 = Release|Any CPU
		{E75D1A91-2371-4C09-A15C-4F97FA2AD606}.Release|Mixed Platforms.ActiveCfg = Release|Any CPU
		{E75D1A91-2371-4C09-A15C-4F97FA2AD606}.Release|Mixed Platforms.Build.0 = Release|Any CPU
		{E75D1A91-2371-4C09-A15C-4F97FA2AD606}.Release|x86.ActiveCfg = Release|Any CPU
		{140C24BB-5AD5-41ED-8CBF-198BC0C47B10}.Debug|Any CPU.ActiveCfg = Debug|x86
		{140C24BB-5AD5-41ED-8CBF-198BC0C47B10}.Debug|Mixed Platforms.ActiveCfg = Debug|x86
		{140C24BB-5AD5-41ED-8CBF-198BC0C47B10}.Debug|Mixed Platforms.Build.0 = Debug|x86
		{140C24BB-5AD5-41ED-8CBF-198BC0C47B10}.Debug|x86.ActiveCfg = Debug|x86
		{140C24BB-5AD5-41ED-8CBF-198BC0C47B10}.Debug|x86.Build.0 = Debug|x86
		{140C24BB-5AD5-41ED-8CBF-198BC0C47B10}.Release|Any CPU.ActiveCfg = Release|x86
		{140C24BB-5AD5-41ED-8CBF-198BC0C47B10}.Release|Mixed Platforms.ActiveCfg = Release|x86
		{140C24BB-5AD5-41ED-8CBF-198BC0C47B10}.Release|Mixed Platforms.Build.0 = Release|x86
		{140C24BB-5AD5-41ED-8CBF-198BC0C47B10}.Release|x86.ActiveCfg = Release|x86
		{140C24BB-5AD5-41ED-8CBF-198BC0C47B10}.Release|x86.Build.0 = Release|x86
		{25F1A14E-BC3B-4E9E-ABAA-2F0E266576CA}.Debug|Any CPU.ActiveCfg = Debug|x86
		{25F1A14E-BC3B-4E9E-ABAA-2F0E266576CA}.Debug|Mixed Platforms.ActiveCfg = Debug|x86
		{25F1A14E-BC3B-4E9E-ABAA-2F0E266576CA}.Debug|Mixed Platforms.Build.0 = Debug|x86
		{25F1A14E-BC3B-4E9E-ABAA-2F0E266576CA}.Debug|x86.ActiveCfg = Debug|x86
		{25F1A14E-BC3B-4E9E-ABAA-2F0E266576CA}.Debug|x86.Build.0 = Debug|x86
		{25F1A14E-BC3B-4E9E-ABAA-2F0E266576CA}.Release|Any CPU.ActiveCfg = Release|x86
		{25F1A14E-BC3B-4E9E-ABAA-2F0E266576CA}.Release|Mixed Platforms.ActiveCfg = Release|x86
		{25F1A14E-BC3B-4E9E-ABAA-2F0E266576CA}.Release|Mixed Platforms.Build.0 = Release|x86
		{25F1A14E-BC3B-4E9E-ABAA-2F0E266576CA}.Release|x86.ActiveCfg = Release|x86
		{25F1A14E-BC3B-4E9E-ABAA-2F0E266576CA}.Release|x86.Build.0 = Release|x86
		{41F0E057-E06D-4238-B7CF-1539390F3549}.Debug|Any CPU.ActiveCfg = Debug|x86
		{41F0E057-E06D-4238-B7CF-1539390F3549}.Debug|Mixed Platforms.ActiveCfg = Debug|x86
		{41F0E057-E06D-4238-B7CF-1539390F3549}.Debug|Mixed Platforms.Build.0 = Debug|x86
		{41F0E057-E06D-4238-B7CF-1539390F3549}.Debug|x86.ActiveCfg = Debug|x86
		{41F0E057-E06D-4238-B7CF-1539390F3549}.Debug|x86.Build.0 = Debug|x86
		{41F0E057-E06D-4238-B7CF-1539390F3549}.Release|Any CPU.ActiveCfg = Release|x86
		{41F0E057-E06D-4238-B7CF-1539390F3549}.Release|Mixed Platforms.ActiveCfg = Release|x86
		{41F0E057-E06D-4238-B7CF-1539390F3549}.Release|Mixed Platforms.Build.0 = Release|x86
		{41F0E057-E06D-4238-B7CF-1539390F3549}.Release|x86.ActiveCfg = Release|x86
		{41F0E057-E06D-4238-B7CF-1539390F3549}.Release|x86.Build.0 = Release|x86
		{D02B7EAF-61B9-49F8-96F2-DB07F7B20ACA}.Debug|Any CPU.ActiveCfg = Debug|x86
		{D02B7EAF-61B9-49F8-96F2-DB07F7B20ACA}.Debug|Mixed Platforms.ActiveCfg = Debug|x86
		{D02B7EAF-61B9-49F8-96F2-DB07F7B20ACA}.Debug|Mixed Platforms.Build.0 = Debug|x86
		{D02B7EAF-61B9-49F8-96F2-DB07F7B20ACA}.Debug|x86.ActiveCfg = Debug|x86
		{D02B7EAF-61B9-49F8-96F2-DB07F7B20ACA}.Debug|x86.Build.0 = Debug|x86
		{D02B7EAF-61B9-49F8-96F2-DB07F7B20ACA}.Release|Any CPU.ActiveCfg = Release|x86
		{D02B7EAF-61B9-49F8-96F2-DB07F7B20ACA}.Release|Mixed Platforms.ActiveCfg = Release|x86
		{D02B7EAF-61B9-49F8-96F2-DB07F7B20ACA}.Release|Mixed Platforms.Build.0 = Release|x86
		{D02B7EAF-61B9-49F8-96F2-DB07F7B20ACA}.Release|x86.ActiveCfg = Release|x86
		{D02B7EAF-61B9-49F8-96F2-DB07F7B20ACA}.Release|x86.Build.0 = Release|x86
		{4D761ED4-D23B-4649-BD37-F76DCA58E001}.Debug|Any CPU.ActiveCfg = Debug|Any CPU
		{4D761ED4-D23B-4649-BD37-F76DCA58E001}.Debug|Any CPU.Build.0 = Debug|Any CPU
		{4D761ED4-D23B-4649-BD37-F76DCA58E001}.Debug|Mixed Platforms.ActiveCfg = Debug|Any CPU
		{4D761ED4-D23B-4649-BD37-F76DCA58E001}.Debug|Mixed Platforms.Build.0 = Debug|Any CPU
		{4D761ED4-D23B-4649-BD37-F76DCA58E001}.Debug|x86.ActiveCfg = Debug|Any CPU
		{4D761ED4-D23B-4649-BD37-F76DCA58E001}.Release|Any CPU.ActiveCfg = Release|Any CPU
		{4D761ED4-D23B-4649-BD37-F76DCA58E001}.Release|Any CPU.Build.0 = Release|Any CPU
		{4D761ED4-D23B-4649-BD37-F76DCA58E001}.Release|Mixed Platforms.ActiveCfg = Release|Any CPU
		{4D761ED4-D23B-4649-BD37-F76DCA58E001}.Release|Mixed Platforms.Build.0 = Release|Any CPU
		{4D761ED4-D23B-4649-BD37-F76DCA58E001}.Release|x86.ActiveCfg = Release|Any CPU
	EndGlobalSection
	GlobalSection(SolutionProperties) = preSolution
		HideSolutionNode = FALSE
	EndGlobalSection
EndGlobal
