
Microsoft Visual Studio Solution File, Format Version 11.00
# Visual Studio 2010
Project("{FAE04EC0-301F-11D3-BF4B-00C04F79EFBC}") = "Wonga.QA.Framework.Core", "Wonga.QA.Framework.Core\Wonga.QA.Framework.Core.csproj", "{BACA1D90-F604-476F-ACDE-A9839E85147F}"
EndProject
Project("{FAE04EC0-301F-11D3-BF4B-00C04F79EFBC}") = "Wonga.QA.Framework.Api", "Wonga.QA.Framework.Api\Wonga.QA.Framework.Api.csproj", "{87FC18E9-2B6B-4B8C-BDA0-544E51AC8D96}"
EndProject
Project("{FAE04EC0-301F-11D3-BF4B-00C04F79EFBC}") = "Wonga.QA.Framework", "Wonga.QA.Framework\Wonga.QA.Framework.csproj", "{5D8AEAB2-EB00-45CA-86D1-A5B4A7C6ED2F}"
EndProject
Project("{FAE04EC0-301F-11D3-BF4B-00C04F79EFBC}") = "Wonga.QA.Framework.Db", "Wonga.QA.Framework.Db\Wonga.QA.Framework.Db.csproj", "{06D44CDD-9AB7-47EC-8D7A-0E548465EF9D}"
EndProject
Project("{FAE04EC0-301F-11D3-BF4B-00C04F79EFBC}") = "Wonga.QA.Framework.Msmq", "Wonga.QA.Framework.Msmq\Wonga.QA.Framework.Msmq.csproj", "{87AAAAD5-5EAE-473C-9A05-7696E6853478}"
EndProject
Project("{FAE04EC0-301F-11D3-BF4B-00C04F79EFBC}") = "Wonga.QA.Framework.Ui", "Wonga.QA.Framework.UI\Wonga.QA.Framework.Ui.csproj", "{0F724DF3-0849-4BE7-A5B8-FA23C55E3042}"
EndProject
Project("{FAE04EC0-301F-11D3-BF4B-00C04F79EFBC}") = "Wonga.QA.Framework.ThirdParties", "Wonga.QA.Framework.ThirdParties\Wonga.QA.Framework.ThirdParties.csproj", "{F8AC37A8-C53D-42D6-8B64-A068B8AB3984}"
EndProject
Project("{FAE04EC0-301F-11D3-BF4B-00C04F79EFBC}") = "Wonga.QA.Framework.Svc", "Wonga.QA.Framework.Svc\Wonga.QA.Framework.Svc.csproj", "{67DCDC23-920C-4B70-8F6B-E2F9F2F66A6D}"
EndProject
Project("{FAE04EC0-301F-11D3-BF4B-00C04F79EFBC}") = "Wonga.QA.Framework.Cs", "Wonga.QA.Framework.Cs\Wonga.QA.Framework.Cs.csproj", "{A346BE9E-BD6E-4FEF-9E28-59BA03A5E7DF}"
EndProject
Project("{FAE04EC0-301F-11D3-BF4B-00C04F79EFBC}") = "Wonga.QA.Framework.Mocks", "Wonga.QA.Framework.Mocks\Wonga.QA.Framework.Mocks.csproj", "{1705B5E1-C021-40ED-A0B9-F42D7A334B39}"
EndProject
Project("{FAE04EC0-301F-11D3-BF4B-00C04F79EFBC}") = "Wonga.QA.Framework.Data", "Wonga.QA.Framework.Data\Wonga.QA.Framework.Data.csproj", "{6DB7E1BD-C5B2-4BEE-A0A3-E2C635768203}"
EndProject
Project("{FAE04EC0-301F-11D3-BF4B-00C04F79EFBC}") = "Wonga.QA.Framework.Email", "Wonga.QA.Framework.Email\Wonga.QA.Framework.Email.csproj", "{87FC18E9-2B6B-4B8C-BDA0-544E51AC8D85}"
EndProject
Project("{FAE04EC0-301F-11D3-BF4B-00C04F79EFBC}") = "Wonga.QA.Framework.CommonApi", "Wonga.QA.Framework.CommonApi\Wonga.QA.Framework.CommonApi.csproj", "{33851677-312B-4F2D-85E6-05197907C210}"
EndProject
Project("{FAE04EC0-301F-11D3-BF4B-00C04F79EFBC}") = "Wonga.QA.Framework.SMO", "Wonga.QA.Framework.SMO\Wonga.QA.Framework.SMO.csproj", "{B0D17CC5-4ECD-436A-9E5B-CB811886852A}"
EndProject
Global
	GlobalSection(SolutionConfigurationPlatforms) = preSolution
		Debug|Any CPU = Debug|Any CPU
		Release|Any CPU = Release|Any CPU
	EndGlobalSection
	GlobalSection(ProjectConfigurationPlatforms) = postSolution
		{BACA1D90-F604-476F-ACDE-A9839E85147F}.Debug|Any CPU.ActiveCfg = Debug|Any CPU
		{BACA1D90-F604-476F-ACDE-A9839E85147F}.Debug|Any CPU.Build.0 = Debug|Any CPU
		{BACA1D90-F604-476F-ACDE-A9839E85147F}.Release|Any CPU.ActiveCfg = Release|Any CPU
		{BACA1D90-F604-476F-ACDE-A9839E85147F}.Release|Any CPU.Build.0 = Release|Any CPU
		{87FC18E9-2B6B-4B8C-BDA0-544E51AC8D96}.Debug|Any CPU.ActiveCfg = Debug|Any CPU
		{87FC18E9-2B6B-4B8C-BDA0-544E51AC8D96}.Debug|Any CPU.Build.0 = Debug|Any CPU
		{87FC18E9-2B6B-4B8C-BDA0-544E51AC8D96}.Release|Any CPU.ActiveCfg = Release|Any CPU
		{87FC18E9-2B6B-4B8C-BDA0-544E51AC8D96}.Release|Any CPU.Build.0 = Release|Any CPU
		{5D8AEAB2-EB00-45CA-86D1-A5B4A7C6ED2F}.Debug|Any CPU.ActiveCfg = Debug|Any CPU
		{5D8AEAB2-EB00-45CA-86D1-A5B4A7C6ED2F}.Debug|Any CPU.Build.0 = Debug|Any CPU
		{5D8AEAB2-EB00-45CA-86D1-A5B4A7C6ED2F}.Release|Any CPU.ActiveCfg = Release|Any CPU
		{5D8AEAB2-EB00-45CA-86D1-A5B4A7C6ED2F}.Release|Any CPU.Build.0 = Release|Any CPU
		{06D44CDD-9AB7-47EC-8D7A-0E548465EF9D}.Debug|Any CPU.ActiveCfg = Debug|Any CPU
		{06D44CDD-9AB7-47EC-8D7A-0E548465EF9D}.Debug|Any CPU.Build.0 = Debug|Any CPU
		{06D44CDD-9AB7-47EC-8D7A-0E548465EF9D}.Release|Any CPU.ActiveCfg = Release|Any CPU
		{06D44CDD-9AB7-47EC-8D7A-0E548465EF9D}.Release|Any CPU.Build.0 = Release|Any CPU
		{87AAAAD5-5EAE-473C-9A05-7696E6853478}.Debug|Any CPU.ActiveCfg = Debug|Any CPU
		{87AAAAD5-5EAE-473C-9A05-7696E6853478}.Debug|Any CPU.Build.0 = Debug|Any CPU
		{87AAAAD5-5EAE-473C-9A05-7696E6853478}.Release|Any CPU.ActiveCfg = Release|Any CPU
		{87AAAAD5-5EAE-473C-9A05-7696E6853478}.Release|Any CPU.Build.0 = Release|Any CPU
		{0F724DF3-0849-4BE7-A5B8-FA23C55E3042}.Debug|Any CPU.ActiveCfg = Debug|Any CPU
		{0F724DF3-0849-4BE7-A5B8-FA23C55E3042}.Debug|Any CPU.Build.0 = Debug|Any CPU
		{0F724DF3-0849-4BE7-A5B8-FA23C55E3042}.Release|Any CPU.ActiveCfg = Release|Any CPU
		{0F724DF3-0849-4BE7-A5B8-FA23C55E3042}.Release|Any CPU.Build.0 = Release|Any CPU
		{F8AC37A8-C53D-42D6-8B64-A068B8AB3984}.Debug|Any CPU.ActiveCfg = Debug|Any CPU
		{F8AC37A8-C53D-42D6-8B64-A068B8AB3984}.Debug|Any CPU.Build.0 = Debug|Any CPU
		{F8AC37A8-C53D-42D6-8B64-A068B8AB3984}.Release|Any CPU.ActiveCfg = Release|Any CPU
		{F8AC37A8-C53D-42D6-8B64-A068B8AB3984}.Release|Any CPU.Build.0 = Release|Any CPU
		{67DCDC23-920C-4B70-8F6B-E2F9F2F66A6D}.Debug|Any CPU.ActiveCfg = Debug|Any CPU
		{67DCDC23-920C-4B70-8F6B-E2F9F2F66A6D}.Debug|Any CPU.Build.0 = Debug|Any CPU
		{67DCDC23-920C-4B70-8F6B-E2F9F2F66A6D}.Release|Any CPU.ActiveCfg = Release|Any CPU
		{67DCDC23-920C-4B70-8F6B-E2F9F2F66A6D}.Release|Any CPU.Build.0 = Release|Any CPU
		{A346BE9E-BD6E-4FEF-9E28-59BA03A5E7DF}.Debug|Any CPU.ActiveCfg = Debug|Any CPU
		{A346BE9E-BD6E-4FEF-9E28-59BA03A5E7DF}.Debug|Any CPU.Build.0 = Debug|Any CPU
		{A346BE9E-BD6E-4FEF-9E28-59BA03A5E7DF}.Release|Any CPU.ActiveCfg = Release|Any CPU
		{A346BE9E-BD6E-4FEF-9E28-59BA03A5E7DF}.Release|Any CPU.Build.0 = Release|Any CPU
		{1705B5E1-C021-40ED-A0B9-F42D7A334B39}.Debug|Any CPU.ActiveCfg = Debug|Any CPU
		{1705B5E1-C021-40ED-A0B9-F42D7A334B39}.Debug|Any CPU.Build.0 = Debug|Any CPU
		{1705B5E1-C021-40ED-A0B9-F42D7A334B39}.Release|Any CPU.ActiveCfg = Release|Any CPU
		{1705B5E1-C021-40ED-A0B9-F42D7A334B39}.Release|Any CPU.Build.0 = Release|Any CPU
		{6DB7E1BD-C5B2-4BEE-A0A3-E2C635768203}.Debug|Any CPU.ActiveCfg = Debug|Any CPU
		{6DB7E1BD-C5B2-4BEE-A0A3-E2C635768203}.Debug|Any CPU.Build.0 = Debug|Any CPU
		{6DB7E1BD-C5B2-4BEE-A0A3-E2C635768203}.Release|Any CPU.ActiveCfg = Release|Any CPU
		{6DB7E1BD-C5B2-4BEE-A0A3-E2C635768203}.Release|Any CPU.Build.0 = Release|Any CPU
		{87FC18E9-2B6B-4B8C-BDA0-544E51AC8D85}.Debug|Any CPU.ActiveCfg = Debug|Any CPU
		{87FC18E9-2B6B-4B8C-BDA0-544E51AC8D85}.Debug|Any CPU.Build.0 = Debug|Any CPU
		{87FC18E9-2B6B-4B8C-BDA0-544E51AC8D85}.Release|Any CPU.ActiveCfg = Release|Any CPU
		{87FC18E9-2B6B-4B8C-BDA0-544E51AC8D85}.Release|Any CPU.Build.0 = Release|Any CPU
		{33851677-312B-4F2D-85E6-05197907C210}.Debug|Any CPU.ActiveCfg = Debug|Any CPU
		{33851677-312B-4F2D-85E6-05197907C210}.Debug|Any CPU.Build.0 = Debug|Any CPU
		{33851677-312B-4F2D-85E6-05197907C210}.Release|Any CPU.ActiveCfg = Release|Any CPU
		{33851677-312B-4F2D-85E6-05197907C210}.Release|Any CPU.Build.0 = Release|Any CPU
		{B0D17CC5-4ECD-436A-9E5B-CB811886852A}.Debug|Any CPU.ActiveCfg = Debug|Any CPU
		{B0D17CC5-4ECD-436A-9E5B-CB811886852A}.Debug|Any CPU.Build.0 = Debug|Any CPU
		{B0D17CC5-4ECD-436A-9E5B-CB811886852A}.Release|Any CPU.ActiveCfg = Release|Any CPU
		{B0D17CC5-4ECD-436A-9E5B-CB811886852A}.Release|Any CPU.Build.0 = Release|Any CPU
	EndGlobalSection
	GlobalSection(SolutionProperties) = preSolution
		HideSolutionNode = FALSE
	EndGlobalSection
EndGlobal
