
Microsoft Visual Studio Solution File, Format Version 11.00
# Visual Studio 2010
Project("{FAE04EC0-301F-11D3-BF4B-00C04F79EFBC}") = "Wonga.QA.MigrationTests", "Wonga.QA.MigrationTests\Wonga.QA.MigrationTests.csproj", "{A65E24D5-E8D8-4075-9D1F-04CFA7EE8A2A}"
EndProject
Project("{FAE04EC0-301F-11D3-BF4B-00C04F79EFBC}") = "Wonga.QA.MigrationCore", "Wonga.QA.MigrationCore\Wonga.QA.MigrationCore.csproj", "{C61407C2-C697-4288-B2AC-10F6C2D1804F}"
EndProject
Global
	GlobalSection(SolutionConfigurationPlatforms) = preSolution
		Debug|Any CPU = Debug|Any CPU
		Release|Any CPU = Release|Any CPU
	EndGlobalSection
	GlobalSection(ProjectConfigurationPlatforms) = postSolution
		{A65E24D5-E8D8-4075-9D1F-04CFA7EE8A2A}.Debug|Any CPU.ActiveCfg = Debug|Any CPU
		{A65E24D5-E8D8-4075-9D1F-04CFA7EE8A2A}.Debug|Any CPU.Build.0 = Debug|Any CPU
		{A65E24D5-E8D8-4075-9D1F-04CFA7EE8A2A}.Release|Any CPU.ActiveCfg = Release|Any CPU
		{A65E24D5-E8D8-4075-9D1F-04CFA7EE8A2A}.Release|Any CPU.Build.0 = Release|Any CPU
		{C61407C2-C697-4288-B2AC-10F6C2D1804F}.Debug|Any CPU.ActiveCfg = Debug|Any CPU
		{C61407C2-C697-4288-B2AC-10F6C2D1804F}.Debug|Any CPU.Build.0 = Debug|Any CPU
		{C61407C2-C697-4288-B2AC-10F6C2D1804F}.Release|Any CPU.ActiveCfg = Release|Any CPU
		{C61407C2-C697-4288-B2AC-10F6C2D1804F}.Release|Any CPU.Build.0 = Release|Any CPU
	EndGlobalSection
	GlobalSection(SolutionProperties) = preSolution
		HideSolutionNode = FALSE
	EndGlobalSection
EndGlobal
