
Microsoft Visual Studio Solution File, Format Version 11.00
# Visual Studio 2010
Project("{FAE04EC0-301F-11D3-BF4B-00C04F79EFBC}") = "Wonga.QA.Tools.NonParallelHunter", "Wonga.QA.Tools.NonParallelHunter\Wonga.QA.Tools.NonParallelHunter.csproj", "{5C4ADFDA-B734-4C3D-AE74-DE0BF78CFA40}"
EndProject
Project("{FAE04EC0-301F-11D3-BF4B-00C04F79EFBC}") = "Program", "Program\Program.csproj", "{4C4FCB62-B485-48CD-B476-289544486765}"
EndProject
Project("{FAE04EC0-301F-11D3-BF4B-00C04F79EFBC}") = "Wonga.QA.Tools.Tests", "Wonga.QA.Tools.Tests\Wonga.QA.Tools.Tests.csproj", "{3A8CE2DA-37C2-46DC-A0A4-5F9461562974}"
EndProject
Project("{FAE04EC0-301F-11D3-BF4B-00C04F79EFBC}") = "Wonga.QA.Tools.ReportParser", "Wonga.QA.Tools.ReportParser\Wonga.QA.Tools.ReportParser.csproj", "{2F10FAB9-7062-4B95-9200-35F870A06E64}"
EndProject
Project("{FAE04EC0-301F-11D3-BF4B-00C04F79EFBC}") = "Wonga.QA.Tools.ReportConverter", "Wonga.QA.Tools.ReportConverter\Wonga.QA.Tools.ReportConverter.csproj", "{3052E4A8-CE08-479D-8086-E1EF3D54EC46}"
EndProject
Global
	GlobalSection(SolutionConfigurationPlatforms) = preSolution
		Debug|Any CPU = Debug|Any CPU
		Debug|Mixed Platforms = Debug|Mixed Platforms
		Debug|x86 = Debug|x86
		Release|Any CPU = Release|Any CPU
		Release|Mixed Platforms = Release|Mixed Platforms
		Release|x86 = Release|x86
	EndGlobalSection
	GlobalSection(ProjectConfigurationPlatforms) = postSolution
		{5C4ADFDA-B734-4C3D-AE74-DE0BF78CFA40}.Debug|Any CPU.ActiveCfg = Debug|x86
		{5C4ADFDA-B734-4C3D-AE74-DE0BF78CFA40}.Debug|Mixed Platforms.ActiveCfg = Debug|x86
		{5C4ADFDA-B734-4C3D-AE74-DE0BF78CFA40}.Debug|Mixed Platforms.Build.0 = Debug|x86
		{5C4ADFDA-B734-4C3D-AE74-DE0BF78CFA40}.Debug|x86.ActiveCfg = Debug|x86
		{5C4ADFDA-B734-4C3D-AE74-DE0BF78CFA40}.Debug|x86.Build.0 = Debug|x86
		{5C4ADFDA-B734-4C3D-AE74-DE0BF78CFA40}.Release|Any CPU.ActiveCfg = Release|x86
		{5C4ADFDA-B734-4C3D-AE74-DE0BF78CFA40}.Release|Mixed Platforms.ActiveCfg = Release|x86
		{5C4ADFDA-B734-4C3D-AE74-DE0BF78CFA40}.Release|Mixed Platforms.Build.0 = Release|x86
		{5C4ADFDA-B734-4C3D-AE74-DE0BF78CFA40}.Release|x86.ActiveCfg = Release|x86
		{5C4ADFDA-B734-4C3D-AE74-DE0BF78CFA40}.Release|x86.Build.0 = Release|x86
		{4C4FCB62-B485-48CD-B476-289544486765}.Debug|Any CPU.ActiveCfg = Debug|x86
		{4C4FCB62-B485-48CD-B476-289544486765}.Debug|Mixed Platforms.ActiveCfg = Debug|x86
		{4C4FCB62-B485-48CD-B476-289544486765}.Debug|Mixed Platforms.Build.0 = Debug|x86
		{4C4FCB62-B485-48CD-B476-289544486765}.Debug|x86.ActiveCfg = Debug|x86
		{4C4FCB62-B485-48CD-B476-289544486765}.Debug|x86.Build.0 = Debug|x86
		{4C4FCB62-B485-48CD-B476-289544486765}.Release|Any CPU.ActiveCfg = Release|x86
		{4C4FCB62-B485-48CD-B476-289544486765}.Release|Mixed Platforms.ActiveCfg = Release|x86
		{4C4FCB62-B485-48CD-B476-289544486765}.Release|Mixed Platforms.Build.0 = Release|x86
		{4C4FCB62-B485-48CD-B476-289544486765}.Release|x86.ActiveCfg = Release|x86
		{4C4FCB62-B485-48CD-B476-289544486765}.Release|x86.Build.0 = Release|x86
		{3A8CE2DA-37C2-46DC-A0A4-5F9461562974}.Debug|Any CPU.ActiveCfg = Debug|Any CPU
		{3A8CE2DA-37C2-46DC-A0A4-5F9461562974}.Debug|Any CPU.Build.0 = Debug|Any CPU
		{3A8CE2DA-37C2-46DC-A0A4-5F9461562974}.Debug|Mixed Platforms.ActiveCfg = Debug|Any CPU
		{3A8CE2DA-37C2-46DC-A0A4-5F9461562974}.Debug|Mixed Platforms.Build.0 = Debug|Any CPU
		{3A8CE2DA-37C2-46DC-A0A4-5F9461562974}.Debug|x86.ActiveCfg = Debug|Any CPU
		{3A8CE2DA-37C2-46DC-A0A4-5F9461562974}.Release|Any CPU.ActiveCfg = Release|Any CPU
		{3A8CE2DA-37C2-46DC-A0A4-5F9461562974}.Release|Any CPU.Build.0 = Release|Any CPU
		{3A8CE2DA-37C2-46DC-A0A4-5F9461562974}.Release|Mixed Platforms.ActiveCfg = Release|Any CPU
		{3A8CE2DA-37C2-46DC-A0A4-5F9461562974}.Release|Mixed Platforms.Build.0 = Release|Any CPU
		{3A8CE2DA-37C2-46DC-A0A4-5F9461562974}.Release|x86.ActiveCfg = Release|Any CPU
		{2F10FAB9-7062-4B95-9200-35F870A06E64}.Debug|Any CPU.ActiveCfg = Debug|Any CPU
		{2F10FAB9-7062-4B95-9200-35F870A06E64}.Debug|Any CPU.Build.0 = Debug|Any CPU
		{2F10FAB9-7062-4B95-9200-35F870A06E64}.Debug|Mixed Platforms.ActiveCfg = Debug|Any CPU
		{2F10FAB9-7062-4B95-9200-35F870A06E64}.Debug|Mixed Platforms.Build.0 = Debug|Any CPU
		{2F10FAB9-7062-4B95-9200-35F870A06E64}.Debug|x86.ActiveCfg = Debug|Any CPU
		{2F10FAB9-7062-4B95-9200-35F870A06E64}.Release|Any CPU.ActiveCfg = Release|Any CPU
		{2F10FAB9-7062-4B95-9200-35F870A06E64}.Release|Any CPU.Build.0 = Release|Any CPU
		{2F10FAB9-7062-4B95-9200-35F870A06E64}.Release|Mixed Platforms.ActiveCfg = Release|Any CPU
		{2F10FAB9-7062-4B95-9200-35F870A06E64}.Release|Mixed Platforms.Build.0 = Release|Any CPU
		{2F10FAB9-7062-4B95-9200-35F870A06E64}.Release|x86.ActiveCfg = Release|Any CPU
		{3052E4A8-CE08-479D-8086-E1EF3D54EC46}.Debug|Any CPU.ActiveCfg = Debug|x86
		{3052E4A8-CE08-479D-8086-E1EF3D54EC46}.Debug|Mixed Platforms.ActiveCfg = Debug|x86
		{3052E4A8-CE08-479D-8086-E1EF3D54EC46}.Debug|Mixed Platforms.Build.0 = Debug|x86
		{3052E4A8-CE08-479D-8086-E1EF3D54EC46}.Debug|x86.ActiveCfg = Debug|x86
		{3052E4A8-CE08-479D-8086-E1EF3D54EC46}.Debug|x86.Build.0 = Debug|x86
		{3052E4A8-CE08-479D-8086-E1EF3D54EC46}.Release|Any CPU.ActiveCfg = Release|x86
		{3052E4A8-CE08-479D-8086-E1EF3D54EC46}.Release|Mixed Platforms.ActiveCfg = Release|x86
		{3052E4A8-CE08-479D-8086-E1EF3D54EC46}.Release|Mixed Platforms.Build.0 = Release|x86
		{3052E4A8-CE08-479D-8086-E1EF3D54EC46}.Release|x86.ActiveCfg = Release|x86
		{3052E4A8-CE08-479D-8086-E1EF3D54EC46}.Release|x86.Build.0 = Release|x86
	EndGlobalSection
	GlobalSection(SolutionProperties) = preSolution
		HideSolutionNode = FALSE
	EndGlobalSection
EndGlobal
